
Microsoft Visual Studio Solution File, Format Version 12.00
# Visual Studio 15
VisualStudioVersion = 15.0.26730.10
MinimumVisualStudioVersion = 10.0.40219.1


Project("{9A19103F-16F7-4668-BE54-9A1E7A4F7556}") = "InterceptionApp", "InterceptionApp\InterceptionApp\InterceptionApp.csproj", "{DE036732-398D-437A-858D-F99D3B8CA8B6}"
EndProject

Project("{FAE04EC0-301F-11D3-BF4B-00C04F79EFBC}") = "InterceptionApp.iOS", "InterceptionApp\InterceptionApp.iOS\InterceptionApp.iOS.csproj", "{6F536283-FB44-4225-8A2A-0174D6041F61}"
EndProject


Project("{FAE04EC0-301F-11D3-BF4B-00C04F79EFBC}") = "InterceptionApp.Android", "InterceptionApp\InterceptionApp.Android\InterceptionApp.Android.csproj", "{6D7A1ECF-F79C-4CFE-836F-A0DC630CDA37}"
EndProject

Project("{FAE04EC0-301F-11D3-BF4B-00C04F79EFBC}") = "InterceptionApp.UWP", "InterceptionApp\InterceptionApp.UWP\InterceptionApp.UWP.csproj", "{BCABEC66-0DB7-4FB6-885D-FADAF534ADEE}"
EndProject

Global
	GlobalSection(SolutionConfigurationPlatforms) = preSolution
		Ad-Hoc|Any CPU = Ad-Hoc|Any CPU
		Ad-Hoc|ARM = Ad-Hoc|ARM
		Ad-Hoc|iPhone = Ad-Hoc|iPhone
		Ad-Hoc|iPhoneSimulator = Ad-Hoc|iPhoneSimulator
		Ad-Hoc|x64 = Ad-Hoc|x64
		Ad-Hoc|x86 = Ad-Hoc|x86
		AppStore|Any CPU = AppStore|Any CPU
		AppStore|ARM = AppStore|ARM
		AppStore|iPhone = AppStore|iPhone
		AppStore|iPhoneSimulator = AppStore|iPhoneSimulator
		AppStore|x64 = AppStore|x64
		AppStore|x86 = AppStore|x86
		Debug|Any CPU = Debug|Any CPU
		Debug|ARM = Debug|ARM
		Debug|iPhone = Debug|iPhone
		Debug|iPhoneSimulator = Debug|iPhoneSimulator
		Debug|x64 = Debug|x64
		Debug|x86 = Debug|x86
		Release|Any CPU = Release|Any CPU
		Release|ARM = Release|ARM
		Release|iPhone = Release|iPhone
		Release|iPhoneSimulator = Release|iPhoneSimulator
		Release|x64 = Release|x64
		Release|x86 = Release|x86
	EndGlobalSection
	GlobalSection(ProjectConfigurationPlatforms) = postSolution
		{DE036732-398D-437A-858D-F99D3B8CA8B6}.Ad-Hoc|Any CPU.ActiveCfg = Debug|Any CPU
		{DE036732-398D-437A-858D-F99D3B8CA8B6}.Ad-Hoc|Any CPU.Build.0 = Debug|Any CPU
		{DE036732-398D-437A-858D-F99D3B8CA8B6}.Ad-Hoc|ARM.ActiveCfg = Debug|Any CPU
		{DE036732-398D-437A-858D-F99D3B8CA8B6}.Ad-Hoc|ARM.Build.0 = Debug|Any CPU
		{DE036732-398D-437A-858D-F99D3B8CA8B6}.Ad-Hoc|iPhone.ActiveCfg = Debug|Any CPU
		{DE036732-398D-437A-858D-F99D3B8CA8B6}.Ad-Hoc|iPhone.Build.0 = Debug|Any CPU
		{DE036732-398D-437A-858D-F99D3B8CA8B6}.Ad-Hoc|iPhoneSimulator.ActiveCfg = Debug|Any CPU
		{DE036732-398D-437A-858D-F99D3B8CA8B6}.Ad-Hoc|iPhoneSimulator.Build.0 = Debug|Any CPU
		{DE036732-398D-437A-858D-F99D3B8CA8B6}.Ad-Hoc|x64.ActiveCfg = Debug|Any CPU
		{DE036732-398D-437A-858D-F99D3B8CA8B6}.Ad-Hoc|x64.Build.0 = Debug|Any CPU
		{DE036732-398D-437A-858D-F99D3B8CA8B6}.Ad-Hoc|x86.ActiveCfg = Debug|Any CPU
		{DE036732-398D-437A-858D-F99D3B8CA8B6}.Ad-Hoc|x86.Build.0 = Debug|Any CPU
		{DE036732-398D-437A-858D-F99D3B8CA8B6}.AppStore|Any CPU.ActiveCfg = Debug|Any CPU
		{DE036732-398D-437A-858D-F99D3B8CA8B6}.AppStore|Any CPU.Build.0 = Debug|Any CPU
		{DE036732-398D-437A-858D-F99D3B8CA8B6}.AppStore|ARM.ActiveCfg = Debug|Any CPU
		{DE036732-398D-437A-858D-F99D3B8CA8B6}.AppStore|ARM.Build.0 = Debug|Any CPU
		{DE036732-398D-437A-858D-F99D3B8CA8B6}.AppStore|iPhone.ActiveCfg = Debug|Any CPU
		{DE036732-398D-437A-858D-F99D3B8CA8B6}.AppStore|iPhone.Build.0 = Debug|Any CPU
		{DE036732-398D-437A-858D-F99D3B8CA8B6}.AppStore|iPhoneSimulator.ActiveCfg = Debug|Any CPU
		{DE036732-398D-437A-858D-F99D3B8CA8B6}.AppStore|iPhoneSimulator.Build.0 = Debug|Any CPU
		{DE036732-398D-437A-858D-F99D3B8CA8B6}.AppStore|x64.ActiveCfg = Debug|Any CPU
		{DE036732-398D-437A-858D-F99D3B8CA8B6}.AppStore|x64.Build.0 = Debug|Any CPU
		{DE036732-398D-437A-858D-F99D3B8CA8B6}.AppStore|x86.ActiveCfg = Debug|Any CPU
		{DE036732-398D-437A-858D-F99D3B8CA8B6}.AppStore|x86.Build.0 = Debug|Any CPU
		{DE036732-398D-437A-858D-F99D3B8CA8B6}.Debug|Any CPU.ActiveCfg = Debug|Any CPU
		{DE036732-398D-437A-858D-F99D3B8CA8B6}.Debug|Any CPU.Build.0 = Debug|Any CPU
		{DE036732-398D-437A-858D-F99D3B8CA8B6}.Debug|ARM.ActiveCfg = Debug|Any CPU
		{DE036732-398D-437A-858D-F99D3B8CA8B6}.Debug|ARM.Build.0 = Debug|Any CPU
		{DE036732-398D-437A-858D-F99D3B8CA8B6}.Debug|iPhone.ActiveCfg = Debug|Any CPU
		{DE036732-398D-437A-858D-F99D3B8CA8B6}.Debug|iPhone.Build.0 = Debug|Any CPU
		{DE036732-398D-437A-858D-F99D3B8CA8B6}.Debug|iPhoneSimulator.ActiveCfg = Debug|Any CPU
		{DE036732-398D-437A-858D-F99D3B8CA8B6}.Debug|iPhoneSimulator.Build.0 = Debug|Any CPU
		{DE036732-398D-437A-858D-F99D3B8CA8B6}.Debug|x64.ActiveCfg = Debug|Any CPU
		{DE036732-398D-437A-858D-F99D3B8CA8B6}.Debug|x64.Build.0 = Debug|Any CPU
		{DE036732-398D-437A-858D-F99D3B8CA8B6}.Debug|x86.ActiveCfg = Debug|Any CPU
		{DE036732-398D-437A-858D-F99D3B8CA8B6}.Debug|x86.Build.0 = Debug|Any CPU
		{DE036732-398D-437A-858D-F99D3B8CA8B6}.Release|Any CPU.ActiveCfg = Release|Any CPU
		{DE036732-398D-437A-858D-F99D3B8CA8B6}.Release|Any CPU.Build.0 = Release|Any CPU
		{DE036732-398D-437A-858D-F99D3B8CA8B6}.Release|ARM.ActiveCfg = Release|Any CPU
		{DE036732-398D-437A-858D-F99D3B8CA8B6}.Release|ARM.Build.0 = Release|Any CPU
		{DE036732-398D-437A-858D-F99D3B8CA8B6}.Release|iPhone.ActiveCfg = Release|Any CPU
		{DE036732-398D-437A-858D-F99D3B8CA8B6}.Release|iPhone.Build.0 = Release|Any CPU
		{DE036732-398D-437A-858D-F99D3B8CA8B6}.Release|iPhoneSimulator.ActiveCfg = Release|Any CPU
		{DE036732-398D-437A-858D-F99D3B8CA8B6}.Release|iPhoneSimulator.Build.0 = Release|Any CPU
		{DE036732-398D-437A-858D-F99D3B8CA8B6}.Release|x64.ActiveCfg = Release|Any CPU
		{DE036732-398D-437A-858D-F99D3B8CA8B6}.Release|x64.Build.0 = Release|Any CPU
		{DE036732-398D-437A-858D-F99D3B8CA8B6}.Release|x86.ActiveCfg = Release|Any CPU
		{DE036732-398D-437A-858D-F99D3B8CA8B6}.Release|x86.Build.0 = Release|Any CPU
		{6F536283-FB44-4225-8A2A-0174D6041F61}.Ad-Hoc|Any CPU.ActiveCfg = Ad-Hoc|iPhone
		{6F536283-FB44-4225-8A2A-0174D6041F61}.Ad-Hoc|ARM.ActiveCfg = Ad-Hoc|iPhone
		{6F536283-FB44-4225-8A2A-0174D6041F61}.Ad-Hoc|iPhone.ActiveCfg = Ad-Hoc|iPhone
		{6F536283-FB44-4225-8A2A-0174D6041F61}.Ad-Hoc|iPhone.Build.0 = Ad-Hoc|iPhone
		{6F536283-FB44-4225-8A2A-0174D6041F61}.Ad-Hoc|iPhoneSimulator.ActiveCfg = Ad-Hoc|iPhoneSimulator
		{6F536283-FB44-4225-8A2A-0174D6041F61}.Ad-Hoc|iPhoneSimulator.Build.0 = Ad-Hoc|iPhoneSimulator
		{6F536283-FB44-4225-8A2A-0174D6041F61}.Ad-Hoc|x64.ActiveCfg = Ad-Hoc|iPhone
		{6F536283-FB44-4225-8A2A-0174D6041F61}.Ad-Hoc|x86.ActiveCfg = Ad-Hoc|iPhone
		{6F536283-FB44-4225-8A2A-0174D6041F61}.AppStore|Any CPU.ActiveCfg = AppStore|iPhone
		{6F536283-FB44-4225-8A2A-0174D6041F61}.AppStore|ARM.ActiveCfg = AppStore|iPhone
		{6F536283-FB44-4225-8A2A-0174D6041F61}.AppStore|iPhone.ActiveCfg = AppStore|iPhone
		{6F536283-FB44-4225-8A2A-0174D6041F61}.AppStore|iPhone.Build.0 = AppStore|iPhone
		{6F536283-FB44-4225-8A2A-0174D6041F61}.AppStore|iPhoneSimulator.ActiveCfg = AppStore|iPhoneSimulator
		{6F536283-FB44-4225-8A2A-0174D6041F61}.AppStore|iPhoneSimulator.Build.0 = AppStore|iPhoneSimulator
		{6F536283-FB44-4225-8A2A-0174D6041F61}.AppStore|x64.ActiveCfg = AppStore|iPhone
		{6F536283-FB44-4225-8A2A-0174D6041F61}.AppStore|x86.ActiveCfg = AppStore|iPhone
		{6F536283-FB44-4225-8A2A-0174D6041F61}.Debug|Any CPU.ActiveCfg = Debug|iPhone
		{6F536283-FB44-4225-8A2A-0174D6041F61}.Debug|ARM.ActiveCfg = Debug|iPhone
		{6F536283-FB44-4225-8A2A-0174D6041F61}.Debug|iPhone.ActiveCfg = Debug|iPhone
		{6F536283-FB44-4225-8A2A-0174D6041F61}.Debug|iPhone.Build.0 = Debug|iPhone
		{6F536283-FB44-4225-8A2A-0174D6041F61}.Debug|iPhoneSimulator.ActiveCfg = Debug|iPhoneSimulator
		{6F536283-FB44-4225-8A2A-0174D6041F61}.Debug|iPhoneSimulator.Build.0 = Debug|iPhoneSimulator
		{6F536283-FB44-4225-8A2A-0174D6041F61}.Debug|x64.ActiveCfg = Debug|iPhone
		{6F536283-FB44-4225-8A2A-0174D6041F61}.Debug|x86.ActiveCfg = Debug|iPhone
		{6F536283-FB44-4225-8A2A-0174D6041F61}.Release|Any CPU.ActiveCfg = Release|iPhone
		{6F536283-FB44-4225-8A2A-0174D6041F61}.Release|ARM.ActiveCfg = Release|iPhone
		{6F536283-FB44-4225-8A2A-0174D6041F61}.Release|iPhone.ActiveCfg = Release|iPhone
		{6F536283-FB44-4225-8A2A-0174D6041F61}.Release|iPhone.Build.0 = Release|iPhone
		{6F536283-FB44-4225-8A2A-0174D6041F61}.Release|iPhoneSimulator.ActiveCfg = Release|iPhoneSimulator
		{6F536283-FB44-4225-8A2A-0174D6041F61}.Release|iPhoneSimulator.Build.0 = Release|iPhoneSimulator
		{6F536283-FB44-4225-8A2A-0174D6041F61}.Release|x64.ActiveCfg = Release|iPhone
		{6F536283-FB44-4225-8A2A-0174D6041F61}.Release|x86.ActiveCfg = Release|iPhone
		{BCABEC66-0DB7-4FB6-885D-FADAF534ADEE}.Ad-Hoc|Any CPU.ActiveCfg = Release|x86
		{BCABEC66-0DB7-4FB6-885D-FADAF534ADEE}.Ad-Hoc|Any CPU.Build.0 = Release|x86
		{BCABEC66-0DB7-4FB6-885D-FADAF534ADEE}.Ad-Hoc|Any CPU.Deploy.0 = Release|x86
		{BCABEC66-0DB7-4FB6-885D-FADAF534ADEE}.Ad-Hoc|ARM.ActiveCfg = Release|ARM
		{BCABEC66-0DB7-4FB6-885D-FADAF534ADEE}.Ad-Hoc|ARM.Build.0 = Release|ARM
		{BCABEC66-0DB7-4FB6-885D-FADAF534ADEE}.Ad-Hoc|ARM.Deploy.0 = Release|ARM
		{BCABEC66-0DB7-4FB6-885D-FADAF534ADEE}.Ad-Hoc|iPhone.ActiveCfg = Release|x86
		{BCABEC66-0DB7-4FB6-885D-FADAF534ADEE}.Ad-Hoc|iPhone.Build.0 = Release|x86
		{BCABEC66-0DB7-4FB6-885D-FADAF534ADEE}.Ad-Hoc|iPhone.Deploy.0 = Release|x86
		{BCABEC66-0DB7-4FB6-885D-FADAF534ADEE}.Ad-Hoc|iPhoneSimulator.ActiveCfg = Release|x86
		{BCABEC66-0DB7-4FB6-885D-FADAF534ADEE}.Ad-Hoc|iPhoneSimulator.Build.0 = Release|x86
		{BCABEC66-0DB7-4FB6-885D-FADAF534ADEE}.Ad-Hoc|iPhoneSimulator.Deploy.0 = Release|x86
		{BCABEC66-0DB7-4FB6-885D-FADAF534ADEE}.Ad-Hoc|x64.ActiveCfg = Release|x64
		{BCABEC66-0DB7-4FB6-885D-FADAF534ADEE}.Ad-Hoc|x64.Build.0 = Release|x64
		{BCABEC66-0DB7-4FB6-885D-FADAF534ADEE}.Ad-Hoc|x64.Deploy.0 = Release|x64
		{BCABEC66-0DB7-4FB6-885D-FADAF534ADEE}.Ad-Hoc|x86.ActiveCfg = Release|x86
		{BCABEC66-0DB7-4FB6-885D-FADAF534ADEE}.Ad-Hoc|x86.Build.0 = Release|x86
		{BCABEC66-0DB7-4FB6-885D-FADAF534ADEE}.Ad-Hoc|x86.Deploy.0 = Release|x86
		{BCABEC66-0DB7-4FB6-885D-FADAF534ADEE}.AppStore|Any CPU.ActiveCfg = Release|x86
		{BCABEC66-0DB7-4FB6-885D-FADAF534ADEE}.AppStore|Any CPU.Build.0 = Release|x86
		{BCABEC66-0DB7-4FB6-885D-FADAF534ADEE}.AppStore|Any CPU.Deploy.0 = Release|x86
		{BCABEC66-0DB7-4FB6-885D-FADAF534ADEE}.AppStore|ARM.ActiveCfg = Release|ARM
		{BCABEC66-0DB7-4FB6-885D-FADAF534ADEE}.AppStore|ARM.Build.0 = Release|ARM
		{BCABEC66-0DB7-4FB6-885D-FADAF534ADEE}.AppStore|ARM.Deploy.0 = Release|ARM
		{BCABEC66-0DB7-4FB6-885D-FADAF534ADEE}.AppStore|iPhone.ActiveCfg = Release|x86
		{BCABEC66-0DB7-4FB6-885D-FADAF534ADEE}.AppStore|iPhone.Build.0 = Release|x86
		{BCABEC66-0DB7-4FB6-885D-FADAF534ADEE}.AppStore|iPhone.Deploy.0 = Release|x86
		{BCABEC66-0DB7-4FB6-885D-FADAF534ADEE}.AppStore|iPhoneSimulator.ActiveCfg = Release|x86
		{BCABEC66-0DB7-4FB6-885D-FADAF534ADEE}.AppStore|iPhoneSimulator.Build.0 = Release|x86
		{BCABEC66-0DB7-4FB6-885D-FADAF534ADEE}.AppStore|iPhoneSimulator.Deploy.0 = Release|x86
		{BCABEC66-0DB7-4FB6-885D-FADAF534ADEE}.AppStore|x64.ActiveCfg = Release|x64
		{BCABEC66-0DB7-4FB6-885D-FADAF534ADEE}.AppStore|x64.Build.0 = Release|x64
		{BCABEC66-0DB7-4FB6-885D-FADAF534ADEE}.AppStore|x64.Deploy.0 = Release|x64
		{BCABEC66-0DB7-4FB6-885D-FADAF534ADEE}.AppStore|x86.ActiveCfg = Release|x86
		{BCABEC66-0DB7-4FB6-885D-FADAF534ADEE}.AppStore|x86.Build.0 = Release|x86
		{BCABEC66-0DB7-4FB6-885D-FADAF534ADEE}.AppStore|x86.Deploy.0 = Release|x86
		{BCABEC66-0DB7-4FB6-885D-FADAF534ADEE}.Debug|Any CPU.ActiveCfg = Debug|x86
		{BCABEC66-0DB7-4FB6-885D-FADAF534ADEE}.Debug|ARM.ActiveCfg = Debug|ARM
		{BCABEC66-0DB7-4FB6-885D-FADAF534ADEE}.Debug|ARM.Build.0 = Debug|ARM
		{BCABEC66-0DB7-4FB6-885D-FADAF534ADEE}.Debug|ARM.Deploy.0 = Debug|ARM
		{BCABEC66-0DB7-4FB6-885D-FADAF534ADEE}.Debug|iPhone.ActiveCfg = Debug|x86
		{BCABEC66-0DB7-4FB6-885D-FADAF534ADEE}.Debug|iPhoneSimulator.ActiveCfg = Debug|x86
		{BCABEC66-0DB7-4FB6-885D-FADAF534ADEE}.Debug|x64.ActiveCfg = Debug|x64
		{BCABEC66-0DB7-4FB6-885D-FADAF534ADEE}.Debug|x64.Build.0 = Debug|x64
		{BCABEC66-0DB7-4FB6-885D-FADAF534ADEE}.Debug|x64.Deploy.0 = Debug|x64
		{BCABEC66-0DB7-4FB6-885D-FADAF534ADEE}.Debug|x86.ActiveCfg = Debug|x86
		{BCABEC66-0DB7-4FB6-885D-FADAF534ADEE}.Debug|x86.Build.0 = Debug|x86
		{BCABEC66-0DB7-4FB6-885D-FADAF534ADEE}.Debug|x86.Deploy.0 = Debug|x86
		{BCABEC66-0DB7-4FB6-885D-FADAF534ADEE}.Release|Any CPU.ActiveCfg = Release|x86
		{BCABEC66-0DB7-4FB6-885D-FADAF534ADEE}.Release|ARM.ActiveCfg = Release|ARM
		{BCABEC66-0DB7-4FB6-885D-FADAF534ADEE}.Release|ARM.Build.0 = Release|ARM
		{BCABEC66-0DB7-4FB6-885D-FADAF534ADEE}.Release|ARM.Deploy.0 = Release|ARM
		{BCABEC66-0DB7-4FB6-885D-FADAF534ADEE}.Release|iPhone.ActiveCfg = Release|x86
		{BCABEC66-0DB7-4FB6-885D-FADAF534ADEE}.Release|iPhoneSimulator.ActiveCfg = Release|x86
		{BCABEC66-0DB7-4FB6-885D-FADAF534ADEE}.Release|x64.ActiveCfg = Release|x64
		{BCABEC66-0DB7-4FB6-885D-FADAF534ADEE}.Release|x64.Build.0 = Release|x64
		{BCABEC66-0DB7-4FB6-885D-FADAF534ADEE}.Release|x64.Deploy.0 = Release|x64
		{BCABEC66-0DB7-4FB6-885D-FADAF534ADEE}.Release|x86.ActiveCfg = Release|x86
		{BCABEC66-0DB7-4FB6-885D-FADAF534ADEE}.Release|x86.Build.0 = Release|x86
		{BCABEC66-0DB7-4FB6-885D-FADAF534ADEE}.Release|x86.Deploy.0 = Release|x86
		{20FDA6ED-B68E-4610-807B-F358668F181E}.Ad-Hoc|Any CPU.ActiveCfg = Release|Any CPU
		{20FDA6ED-B68E-4610-807B-F358668F181E}.Ad-Hoc|Any CPU.Build.0 = Release|Any CPU
		{20FDA6ED-B68E-4610-807B-F358668F181E}.Ad-Hoc|Any CPU.Deploy.0 = Release|Any CPU
		{20FDA6ED-B68E-4610-807B-F358668F181E}.Ad-Hoc|ARM.ActiveCfg = Release|Any CPU
		{20FDA6ED-B68E-4610-807B-F358668F181E}.Ad-Hoc|ARM.Build.0 = Release|Any CPU
		{20FDA6ED-B68E-4610-807B-F358668F181E}.Ad-Hoc|ARM.Deploy.0 = Release|Any CPU
		{20FDA6ED-B68E-4610-807B-F358668F181E}.Ad-Hoc|iPhone.ActiveCfg = Release|Any CPU
		{20FDA6ED-B68E-4610-807B-F358668F181E}.Ad-Hoc|iPhone.Build.0 = Release|Any CPU
		{20FDA6ED-B68E-4610-807B-F358668F181E}.Ad-Hoc|iPhone.Deploy.0 = Release|Any CPU
		{20FDA6ED-B68E-4610-807B-F358668F181E}.Ad-Hoc|iPhoneSimulator.ActiveCfg = Release|Any CPU
		{20FDA6ED-B68E-4610-807B-F358668F181E}.Ad-Hoc|iPhoneSimulator.Build.0 = Release|Any CPU
		{20FDA6ED-B68E-4610-807B-F358668F181E}.Ad-Hoc|iPhoneSimulator.Deploy.0 = Release|Any CPU
		{20FDA6ED-B68E-4610-807B-F358668F181E}.Ad-Hoc|x64.ActiveCfg = Release|Any CPU
		{20FDA6ED-B68E-4610-807B-F358668F181E}.Ad-Hoc|x64.Build.0 = Release|Any CPU
		{20FDA6ED-B68E-4610-807B-F358668F181E}.Ad-Hoc|x64.Deploy.0 = Release|Any CPU
		{20FDA6ED-B68E-4610-807B-F358668F181E}.Ad-Hoc|x86.ActiveCfg = Release|Any CPU
		{20FDA6ED-B68E-4610-807B-F358668F181E}.Ad-Hoc|x86.Build.0 = Release|Any CPU
		{20FDA6ED-B68E-4610-807B-F358668F181E}.Ad-Hoc|x86.Deploy.0 = Release|Any CPU
		{20FDA6ED-B68E-4610-807B-F358668F181E}.AppStore|Any CPU.ActiveCfg = Release|Any CPU
		{20FDA6ED-B68E-4610-807B-F358668F181E}.AppStore|Any CPU.Build.0 = Release|Any CPU
		{20FDA6ED-B68E-4610-807B-F358668F181E}.AppStore|Any CPU.Deploy.0 = Release|Any CPU
		{20FDA6ED-B68E-4610-807B-F358668F181E}.AppStore|ARM.ActiveCfg = Release|Any CPU
		{20FDA6ED-B68E-4610-807B-F358668F181E}.AppStore|ARM.Build.0 = Release|Any CPU
		{20FDA6ED-B68E-4610-807B-F358668F181E}.AppStore|ARM.Deploy.0 = Release|Any CPU
		{20FDA6ED-B68E-4610-807B-F358668F181E}.AppStore|iPhone.ActiveCfg = Release|Any CPU
		{20FDA6ED-B68E-4610-807B-F358668F181E}.AppStore|iPhone.Build.0 = Release|Any CPU
		{20FDA6ED-B68E-4610-807B-F358668F181E}.AppStore|iPhone.Deploy.0 = Release|Any CPU
		{20FDA6ED-B68E-4610-807B-F358668F181E}.AppStore|iPhoneSimulator.ActiveCfg = Release|Any CPU
		{20FDA6ED-B68E-4610-807B-F358668F181E}.AppStore|iPhoneSimulator.Build.0 = Release|Any CPU
		{20FDA6ED-B68E-4610-807B-F358668F181E}.AppStore|iPhoneSimulator.Deploy.0 = Release|Any CPU
		{20FDA6ED-B68E-4610-807B-F358668F181E}.AppStore|x64.ActiveCfg = Release|Any CPU
		{20FDA6ED-B68E-4610-807B-F358668F181E}.AppStore|x64.Build.0 = Release|Any CPU
		{20FDA6ED-B68E-4610-807B-F358668F181E}.AppStore|x64.Deploy.0 = Release|Any CPU
		{20FDA6ED-B68E-4610-807B-F358668F181E}.AppStore|x86.ActiveCfg = Release|Any CPU
		{20FDA6ED-B68E-4610-807B-F358668F181E}.AppStore|x86.Build.0 = Release|Any CPU
		{20FDA6ED-B68E-4610-807B-F358668F181E}.AppStore|x86.Deploy.0 = Release|Any CPU
		{20FDA6ED-B68E-4610-807B-F358668F181E}.Debug|Any CPU.ActiveCfg = Debug|Any CPU
		{20FDA6ED-B68E-4610-807B-F358668F181E}.Debug|Any CPU.Build.0 = Debug|Any CPU
		{20FDA6ED-B68E-4610-807B-F358668F181E}.Debug|Any CPU.Deploy.0 = Debug|Any CPU
		{20FDA6ED-B68E-4610-807B-F358668F181E}.Debug|ARM.ActiveCfg = Debug|Any CPU
		{20FDA6ED-B68E-4610-807B-F358668F181E}.Debug|ARM.Build.0 = Debug|Any CPU
		{20FDA6ED-B68E-4610-807B-F358668F181E}.Debug|ARM.Deploy.0 = Debug|Any CPU
		{20FDA6ED-B68E-4610-807B-F358668F181E}.Debug|iPhone.ActiveCfg = Debug|Any CPU
		{20FDA6ED-B68E-4610-807B-F358668F181E}.Debug|iPhone.Build.0 = Debug|Any CPU
		{20FDA6ED-B68E-4610-807B-F358668F181E}.Debug|iPhone.Deploy.0 = Debug|Any CPU
		{20FDA6ED-B68E-4610-807B-F358668F181E}.Debug|iPhoneSimulator.ActiveCfg = Debug|Any CPU
		{20FDA6ED-B68E-4610-807B-F358668F181E}.Debug|iPhoneSimulator.Build.0 = Debug|Any CPU
		{20FDA6ED-B68E-4610-807B-F358668F181E}.Debug|iPhoneSimulator.Deploy.0 = Debug|Any CPU
		{20FDA6ED-B68E-4610-807B-F358668F181E}.Debug|x64.ActiveCfg = Debug|Any CPU
		{20FDA6ED-B68E-4610-807B-F358668F181E}.Debug|x64.Build.0 = Debug|Any CPU
		{20FDA6ED-B68E-4610-807B-F358668F181E}.Debug|x64.Deploy.0 = Debug|Any CPU
		{20FDA6ED-B68E-4610-807B-F358668F181E}.Debug|x86.ActiveCfg = Debug|Any CPU
		{20FDA6ED-B68E-4610-807B-F358668F181E}.Debug|x86.Build.0 = Debug|Any CPU
		{20FDA6ED-B68E-4610-807B-F358668F181E}.Debug|x86.Deploy.0 = Debug|Any CPU
		{20FDA6ED-B68E-4610-807B-F358668F181E}.Release|Any CPU.ActiveCfg = Release|Any CPU
		{20FDA6ED-B68E-4610-807B-F358668F181E}.Release|Any CPU.Build.0 = Release|Any CPU
		{20FDA6ED-B68E-4610-807B-F358668F181E}.Release|Any CPU.Deploy.0 = Release|Any CPU
		{20FDA6ED-B68E-4610-807B-F358668F181E}.Release|ARM.ActiveCfg = Release|Any CPU
		{20FDA6ED-B68E-4610-807B-F358668F181E}.Release|ARM.Build.0 = Release|Any CPU
		{20FDA6ED-B68E-4610-807B-F358668F181E}.Release|ARM.Deploy.0 = Release|Any CPU
		{20FDA6ED-B68E-4610-807B-F358668F181E}.Release|iPhone.ActiveCfg = Release|Any CPU
		{20FDA6ED-B68E-4610-807B-F358668F181E}.Release|iPhone.Build.0 = Release|Any CPU
		{20FDA6ED-B68E-4610-807B-F358668F181E}.Release|iPhone.Deploy.0 = Release|Any CPU
		{20FDA6ED-B68E-4610-807B-F358668F181E}.Release|iPhoneSimulator.ActiveCfg = Release|Any CPU
		{20FDA6ED-B68E-4610-807B-F358668F181E}.Release|iPhoneSimulator.Build.0 = Release|Any CPU
		{20FDA6ED-B68E-4610-807B-F358668F181E}.Release|iPhoneSimulator.Deploy.0 = Release|Any CPU
		{20FDA6ED-B68E-4610-807B-F358668F181E}.Release|x64.ActiveCfg = Release|Any CPU
		{20FDA6ED-B68E-4610-807B-F358668F181E}.Release|x64.Build.0 = Release|Any CPU
		{20FDA6ED-B68E-4610-807B-F358668F181E}.Release|x64.Deploy.0 = Release|Any CPU
		{20FDA6ED-B68E-4610-807B-F358668F181E}.Release|x86.ActiveCfg = Release|Any CPU
		{20FDA6ED-B68E-4610-807B-F358668F181E}.Release|x86.Build.0 = Release|Any CPU
		{20FDA6ED-B68E-4610-807B-F358668F181E}.Release|x86.Deploy.0 = Release|Any CPU
		{B445DF73-AC9E-4276-9FBA-7CB5AD5D2518}.Ad-Hoc|Any CPU.ActiveCfg = Release|Any CPU
		{B445DF73-AC9E-4276-9FBA-7CB5AD5D2518}.Ad-Hoc|Any CPU.Build.0 = Release|Any CPU
		{B445DF73-AC9E-4276-9FBA-7CB5AD5D2518}.Ad-Hoc|ARM.ActiveCfg = Release|Any CPU
		{B445DF73-AC9E-4276-9FBA-7CB5AD5D2518}.Ad-Hoc|ARM.Build.0 = Release|Any CPU
		{B445DF73-AC9E-4276-9FBA-7CB5AD5D2518}.Ad-Hoc|iPhone.ActiveCfg = Release|Any CPU
		{B445DF73-AC9E-4276-9FBA-7CB5AD5D2518}.Ad-Hoc|iPhone.Build.0 = Release|Any CPU
		{B445DF73-AC9E-4276-9FBA-7CB5AD5D2518}.Ad-Hoc|iPhoneSimulator.ActiveCfg = Release|Any CPU
		{B445DF73-AC9E-4276-9FBA-7CB5AD5D2518}.Ad-Hoc|iPhoneSimulator.Build.0 = Release|Any CPU
		{B445DF73-AC9E-4276-9FBA-7CB5AD5D2518}.Ad-Hoc|x64.ActiveCfg = Release|Any CPU
		{B445DF73-AC9E-4276-9FBA-7CB5AD5D2518}.Ad-Hoc|x64.Build.0 = Release|Any CPU
		{B445DF73-AC9E-4276-9FBA-7CB5AD5D2518}.Ad-Hoc|x86.ActiveCfg = Release|Any CPU
		{B445DF73-AC9E-4276-9FBA-7CB5AD5D2518}.Ad-Hoc|x86.Build.0 = Release|Any CPU
		{B445DF73-AC9E-4276-9FBA-7CB5AD5D2518}.AppStore|Any CPU.ActiveCfg = Release|Any CPU
		{B445DF73-AC9E-4276-9FBA-7CB5AD5D2518}.AppStore|Any CPU.Build.0 = Release|Any CPU
		{B445DF73-AC9E-4276-9FBA-7CB5AD5D2518}.AppStore|ARM.ActiveCfg = Release|Any CPU
		{B445DF73-AC9E-4276-9FBA-7CB5AD5D2518}.AppStore|ARM.Build.0 = Release|Any CPU
		{B445DF73-AC9E-4276-9FBA-7CB5AD5D2518}.AppStore|iPhone.ActiveCfg = Release|Any CPU
		{B445DF73-AC9E-4276-9FBA-7CB5AD5D2518}.AppStore|iPhone.Build.0 = Release|Any CPU
		{B445DF73-AC9E-4276-9FBA-7CB5AD5D2518}.AppStore|iPhoneSimulator.ActiveCfg = Release|Any CPU
		{B445DF73-AC9E-4276-9FBA-7CB5AD5D2518}.AppStore|iPhoneSimulator.Build.0 = Release|Any CPU
		{B445DF73-AC9E-4276-9FBA-7CB5AD5D2518}.AppStore|x64.ActiveCfg = Release|Any CPU
		{B445DF73-AC9E-4276-9FBA-7CB5AD5D2518}.AppStore|x64.Build.0 = Release|Any CPU
		{B445DF73-AC9E-4276-9FBA-7CB5AD5D2518}.AppStore|x86.ActiveCfg = Release|Any CPU
		{B445DF73-AC9E-4276-9FBA-7CB5AD5D2518}.AppStore|x86.Build.0 = Release|Any CPU
		{B445DF73-AC9E-4276-9FBA-7CB5AD5D2518}.Debug|Any CPU.ActiveCfg = Debug|Any CPU
		{B445DF73-AC9E-4276-9FBA-7CB5AD5D2518}.Debug|Any CPU.Build.0 = Debug|Any CPU
		{B445DF73-AC9E-4276-9FBA-7CB5AD5D2518}.Debug|ARM.ActiveCfg = Debug|Any CPU
		{B445DF73-AC9E-4276-9FBA-7CB5AD5D2518}.Debug|ARM.Build.0 = Debug|Any CPU
		{B445DF73-AC9E-4276-9FBA-7CB5AD5D2518}.Debug|iPhone.ActiveCfg = Debug|Any CPU
		{B445DF73-AC9E-4276-9FBA-7CB5AD5D2518}.Debug|iPhone.Build.0 = Debug|Any CPU
		{B445DF73-AC9E-4276-9FBA-7CB5AD5D2518}.Debug|iPhoneSimulator.ActiveCfg = Debug|Any CPU
		{B445DF73-AC9E-4276-9FBA-7CB5AD5D2518}.Debug|iPhoneSimulator.Build.0 = Debug|Any CPU
		{B445DF73-AC9E-4276-9FBA-7CB5AD5D2518}.Debug|x64.ActiveCfg = Debug|Any CPU
		{B445DF73-AC9E-4276-9FBA-7CB5AD5D2518}.Debug|x64.Build.0 = Debug|Any CPU
		{B445DF73-AC9E-4276-9FBA-7CB5AD5D2518}.Debug|x86.ActiveCfg = Debug|Any CPU
		{B445DF73-AC9E-4276-9FBA-7CB5AD5D2518}.Debug|x86.Build.0 = Debug|Any CPU
		{B445DF73-AC9E-4276-9FBA-7CB5AD5D2518}.Release|Any CPU.ActiveCfg = Release|Any CPU
		{B445DF73-AC9E-4276-9FBA-7CB5AD5D2518}.Release|Any CPU.Build.0 = Release|Any CPU
		{B445DF73-AC9E-4276-9FBA-7CB5AD5D2518}.Release|ARM.ActiveCfg = Release|Any CPU
		{B445DF73-AC9E-4276-9FBA-7CB5AD5D2518}.Release|ARM.Build.0 = Release|Any CPU
		{B445DF73-AC9E-4276-9FBA-7CB5AD5D2518}.Release|iPhone.ActiveCfg = Release|Any CPU
		{B445DF73-AC9E-4276-9FBA-7CB5AD5D2518}.Release|iPhone.Build.0 = Release|Any CPU
		{B445DF73-AC9E-4276-9FBA-7CB5AD5D2518}.Release|iPhoneSimulator.ActiveCfg = Release|Any CPU
		{B445DF73-AC9E-4276-9FBA-7CB5AD5D2518}.Release|iPhoneSimulator.Build.0 = Release|Any CPU
		{B445DF73-AC9E-4276-9FBA-7CB5AD5D2518}.Release|x64.ActiveCfg = Release|Any CPU
		{B445DF73-AC9E-4276-9FBA-7CB5AD5D2518}.Release|x64.Build.0 = Release|Any CPU
		{B445DF73-AC9E-4276-9FBA-7CB5AD5D2518}.Release|x86.ActiveCfg = Release|Any CPU
		{B445DF73-AC9E-4276-9FBA-7CB5AD5D2518}.Release|x86.Build.0 = Release|Any CPU
	EndGlobalSection
	GlobalSection(SolutionProperties) = preSolution
		HideSolutionNode = FALSE
	EndGlobalSection
	GlobalSection(ExtensibilityGlobals) = postSolution
		SolutionGuid = {F6D05029-56B8-4E45-AF2D-0E76295DDBA2}
	EndGlobalSection
EndGlobal
