
Microsoft Visual Studio Solution File, Format Version 12.00
# Visual Studio 15
VisualStudioVersion = 15.0.27130.2010
MinimumVisualStudioVersion = 10.0.40219.1
Project("{9A19103F-16F7-4668-BE54-9A1E7A4F7556}") = "Nuits.Interception.Fody", "Nuits.Interception.Fody\Nuits.Interception.Fody.csproj", "{8357C3BB-A2DA-4ADC-B8E6-781E412E54EB}"
EndProject
Project("{2150E333-8FDC-42A3-9474-1A3956D46DE8}") = "Solution Items", "Solution Items", "{981202F4-124E-4EE2-BC50-30BF459C8FD5}"
	ProjectSection(SolutionItems) = preProject
		..\NuGet\Nuits.Interception.Fody.nuspec = ..\NuGet\Nuits.Interception.Fody.nuspec
	EndProjectSection
EndProject
Project("{FAE04EC0-301F-11D3-BF4B-00C04F79EFBC}") = "InterceptionApp.Android", "..\Sample\InterceptionApp\InterceptionApp.Android\InterceptionApp.Android.csproj", "{6D7A1ECF-F79C-4CFE-836F-A0DC630CDA37}"
EndProject
Project("{FAE04EC0-301F-11D3-BF4B-00C04F79EFBC}") = "InterceptionApp.iOS", "..\Sample\InterceptionApp\InterceptionApp.iOS\InterceptionApp.iOS.csproj", "{6F536283-FB44-4225-8A2A-0174D6041F61}"
EndProject
Project("{FAE04EC0-301F-11D3-BF4B-00C04F79EFBC}") = "InterceptionApp.UWP", "..\Sample\InterceptionApp\InterceptionApp.UWP\InterceptionApp.UWP.csproj", "{BCABEC66-0DB7-4FB6-885D-FADAF534ADEE}"
EndProject
Project("{FAE04EC0-301F-11D3-BF4B-00C04F79EFBC}") = "InterceptionApp", "..\Sample\InterceptionApp\InterceptionApp\InterceptionApp.csproj", "{FAAF3BCA-46A4-4BA2-96CF-B2CCF1113D13}"
EndProject
Project("{2150E333-8FDC-42A3-9474-1A3956D46DE8}") = "Sample", "Sample", "{9F0926CC-C571-48FA-AE5A-D679327B5AC1}"
	ProjectSection(SolutionItems) = preProject
		..\NuGet\package.cmd = ..\NuGet\package.cmd
	EndProjectSection
EndProject
Project("{FAE04EC0-301F-11D3-BF4B-00C04F79EFBC}") = "Nuits.Interception", "Nuits.Interception\Nuits.Interception.csproj", "{2F210B4B-D32D-4854-BB8C-421FF64F39E5}"
EndProject
Global
	GlobalSection(SolutionConfigurationPlatforms) = preSolution
		Ad-Hoc|Any CPU = Ad-Hoc|Any CPU
		Ad-Hoc|ARM = Ad-Hoc|ARM
		Ad-Hoc|iPhone = Ad-Hoc|iPhone
		Ad-Hoc|iPhoneSimulator = Ad-Hoc|iPhoneSimulator
		Ad-Hoc|x64 = Ad-Hoc|x64
		Ad-Hoc|x86 = Ad-Hoc|x86
		AppStore|Any CPU = AppStore|Any CPU
		AppStore|ARM = AppStore|ARM
		AppStore|iPhone = AppStore|iPhone
		AppStore|iPhoneSimulator = AppStore|iPhoneSimulator
		AppStore|x64 = AppStore|x64
		AppStore|x86 = AppStore|x86
		Debug|Any CPU = Debug|Any CPU
		Debug|ARM = Debug|ARM
		Debug|iPhone = Debug|iPhone
		Debug|iPhoneSimulator = Debug|iPhoneSimulator
		Debug|x64 = Debug|x64
		Debug|x86 = Debug|x86
		Release|Any CPU = Release|Any CPU
		Release|ARM = Release|ARM
		Release|iPhone = Release|iPhone
		Release|iPhoneSimulator = Release|iPhoneSimulator
		Release|x64 = Release|x64
		Release|x86 = Release|x86
	EndGlobalSection
	GlobalSection(ProjectConfigurationPlatforms) = postSolution
		{8357C3BB-A2DA-4ADC-B8E6-781E412E54EB}.Ad-Hoc|Any CPU.ActiveCfg = Release|Any CPU
		{8357C3BB-A2DA-4ADC-B8E6-781E412E54EB}.Ad-Hoc|Any CPU.Build.0 = Release|Any CPU
		{8357C3BB-A2DA-4ADC-B8E6-781E412E54EB}.Ad-Hoc|ARM.ActiveCfg = Release|Any CPU
		{8357C3BB-A2DA-4ADC-B8E6-781E412E54EB}.Ad-Hoc|ARM.Build.0 = Release|Any CPU
		{8357C3BB-A2DA-4ADC-B8E6-781E412E54EB}.Ad-Hoc|iPhone.ActiveCfg = Release|Any CPU
		{8357C3BB-A2DA-4ADC-B8E6-781E412E54EB}.Ad-Hoc|iPhone.Build.0 = Release|Any CPU
		{8357C3BB-A2DA-4ADC-B8E6-781E412E54EB}.Ad-Hoc|iPhoneSimulator.ActiveCfg = Release|Any CPU
		{8357C3BB-A2DA-4ADC-B8E6-781E412E54EB}.Ad-Hoc|iPhoneSimulator.Build.0 = Release|Any CPU
		{8357C3BB-A2DA-4ADC-B8E6-781E412E54EB}.Ad-Hoc|x64.ActiveCfg = Release|Any CPU
		{8357C3BB-A2DA-4ADC-B8E6-781E412E54EB}.Ad-Hoc|x64.Build.0 = Release|Any CPU
		{8357C3BB-A2DA-4ADC-B8E6-781E412E54EB}.Ad-Hoc|x86.ActiveCfg = Release|Any CPU
		{8357C3BB-A2DA-4ADC-B8E6-781E412E54EB}.Ad-Hoc|x86.Build.0 = Release|Any CPU
		{8357C3BB-A2DA-4ADC-B8E6-781E412E54EB}.AppStore|Any CPU.ActiveCfg = Release|Any CPU
		{8357C3BB-A2DA-4ADC-B8E6-781E412E54EB}.AppStore|Any CPU.Build.0 = Release|Any CPU
		{8357C3BB-A2DA-4ADC-B8E6-781E412E54EB}.AppStore|ARM.ActiveCfg = Release|Any CPU
		{8357C3BB-A2DA-4ADC-B8E6-781E412E54EB}.AppStore|ARM.Build.0 = Release|Any CPU
		{8357C3BB-A2DA-4ADC-B8E6-781E412E54EB}.AppStore|iPhone.ActiveCfg = Release|Any CPU
		{8357C3BB-A2DA-4ADC-B8E6-781E412E54EB}.AppStore|iPhone.Build.0 = Release|Any CPU
		{8357C3BB-A2DA-4ADC-B8E6-781E412E54EB}.AppStore|iPhoneSimulator.ActiveCfg = Release|Any CPU
		{8357C3BB-A2DA-4ADC-B8E6-781E412E54EB}.AppStore|iPhoneSimulator.Build.0 = Release|Any CPU
		{8357C3BB-A2DA-4ADC-B8E6-781E412E54EB}.AppStore|x64.ActiveCfg = Release|Any CPU
		{8357C3BB-A2DA-4ADC-B8E6-781E412E54EB}.AppStore|x64.Build.0 = Release|Any CPU
		{8357C3BB-A2DA-4ADC-B8E6-781E412E54EB}.AppStore|x86.ActiveCfg = Release|Any CPU
		{8357C3BB-A2DA-4ADC-B8E6-781E412E54EB}.AppStore|x86.Build.0 = Release|Any CPU
		{8357C3BB-A2DA-4ADC-B8E6-781E412E54EB}.Debug|Any CPU.ActiveCfg = Debug|Any CPU
		{8357C3BB-A2DA-4ADC-B8E6-781E412E54EB}.Debug|Any CPU.Build.0 = Debug|Any CPU
		{8357C3BB-A2DA-4ADC-B8E6-781E412E54EB}.Debug|ARM.ActiveCfg = Debug|Any CPU
		{8357C3BB-A2DA-4ADC-B8E6-781E412E54EB}.Debug|ARM.Build.0 = Debug|Any CPU
		{8357C3BB-A2DA-4ADC-B8E6-781E412E54EB}.Debug|iPhone.ActiveCfg = Debug|Any CPU
		{8357C3BB-A2DA-4ADC-B8E6-781E412E54EB}.Debug|iPhone.Build.0 = Debug|Any CPU
		{8357C3BB-A2DA-4ADC-B8E6-781E412E54EB}.Debug|iPhoneSimulator.ActiveCfg = Debug|Any CPU
		{8357C3BB-A2DA-4ADC-B8E6-781E412E54EB}.Debug|iPhoneSimulator.Build.0 = Debug|Any CPU
		{8357C3BB-A2DA-4ADC-B8E6-781E412E54EB}.Debug|x64.ActiveCfg = Debug|Any CPU
		{8357C3BB-A2DA-4ADC-B8E6-781E412E54EB}.Debug|x64.Build.0 = Debug|Any CPU
		{8357C3BB-A2DA-4ADC-B8E6-781E412E54EB}.Debug|x86.ActiveCfg = Debug|Any CPU
		{8357C3BB-A2DA-4ADC-B8E6-781E412E54EB}.Debug|x86.Build.0 = Debug|Any CPU
		{8357C3BB-A2DA-4ADC-B8E6-781E412E54EB}.Release|Any CPU.ActiveCfg = Release|Any CPU
		{8357C3BB-A2DA-4ADC-B8E6-781E412E54EB}.Release|Any CPU.Build.0 = Release|Any CPU
		{8357C3BB-A2DA-4ADC-B8E6-781E412E54EB}.Release|ARM.ActiveCfg = Release|Any CPU
		{8357C3BB-A2DA-4ADC-B8E6-781E412E54EB}.Release|ARM.Build.0 = Release|Any CPU
		{8357C3BB-A2DA-4ADC-B8E6-781E412E54EB}.Release|iPhone.ActiveCfg = Release|Any CPU
		{8357C3BB-A2DA-4ADC-B8E6-781E412E54EB}.Release|iPhone.Build.0 = Release|Any CPU
		{8357C3BB-A2DA-4ADC-B8E6-781E412E54EB}.Release|iPhoneSimulator.ActiveCfg = Release|Any CPU
		{8357C3BB-A2DA-4ADC-B8E6-781E412E54EB}.Release|iPhoneSimulator.Build.0 = Release|Any CPU
		{8357C3BB-A2DA-4ADC-B8E6-781E412E54EB}.Release|x64.ActiveCfg = Release|Any CPU
		{8357C3BB-A2DA-4ADC-B8E6-781E412E54EB}.Release|x64.Build.0 = Release|Any CPU
		{8357C3BB-A2DA-4ADC-B8E6-781E412E54EB}.Release|x86.ActiveCfg = Release|Any CPU
		{8357C3BB-A2DA-4ADC-B8E6-781E412E54EB}.Release|x86.Build.0 = Release|Any CPU
		{6D7A1ECF-F79C-4CFE-836F-A0DC630CDA37}.Ad-Hoc|Any CPU.ActiveCfg = Release|Any CPU
		{6D7A1ECF-F79C-4CFE-836F-A0DC630CDA37}.Ad-Hoc|Any CPU.Build.0 = Release|Any CPU
		{6D7A1ECF-F79C-4CFE-836F-A0DC630CDA37}.Ad-Hoc|Any CPU.Deploy.0 = Release|Any CPU
		{6D7A1ECF-F79C-4CFE-836F-A0DC630CDA37}.Ad-Hoc|ARM.ActiveCfg = Release|Any CPU
		{6D7A1ECF-F79C-4CFE-836F-A0DC630CDA37}.Ad-Hoc|ARM.Build.0 = Release|Any CPU
		{6D7A1ECF-F79C-4CFE-836F-A0DC630CDA37}.Ad-Hoc|ARM.Deploy.0 = Release|Any CPU
		{6D7A1ECF-F79C-4CFE-836F-A0DC630CDA37}.Ad-Hoc|iPhone.ActiveCfg = Release|Any CPU
		{6D7A1ECF-F79C-4CFE-836F-A0DC630CDA37}.Ad-Hoc|iPhone.Build.0 = Release|Any CPU
		{6D7A1ECF-F79C-4CFE-836F-A0DC630CDA37}.Ad-Hoc|iPhone.Deploy.0 = Release|Any CPU
		{6D7A1ECF-F79C-4CFE-836F-A0DC630CDA37}.Ad-Hoc|iPhoneSimulator.ActiveCfg = Release|Any CPU
		{6D7A1ECF-F79C-4CFE-836F-A0DC630CDA37}.Ad-Hoc|iPhoneSimulator.Build.0 = Release|Any CPU
		{6D7A1ECF-F79C-4CFE-836F-A0DC630CDA37}.Ad-Hoc|iPhoneSimulator.Deploy.0 = Release|Any CPU
		{6D7A1ECF-F79C-4CFE-836F-A0DC630CDA37}.Ad-Hoc|x64.ActiveCfg = Release|Any CPU
		{6D7A1ECF-F79C-4CFE-836F-A0DC630CDA37}.Ad-Hoc|x64.Build.0 = Release|Any CPU
		{6D7A1ECF-F79C-4CFE-836F-A0DC630CDA37}.Ad-Hoc|x64.Deploy.0 = Release|Any CPU
		{6D7A1ECF-F79C-4CFE-836F-A0DC630CDA37}.Ad-Hoc|x86.ActiveCfg = Release|Any CPU
		{6D7A1ECF-F79C-4CFE-836F-A0DC630CDA37}.Ad-Hoc|x86.Build.0 = Release|Any CPU
		{6D7A1ECF-F79C-4CFE-836F-A0DC630CDA37}.Ad-Hoc|x86.Deploy.0 = Release|Any CPU
		{6D7A1ECF-F79C-4CFE-836F-A0DC630CDA37}.AppStore|Any CPU.ActiveCfg = Release|Any CPU
		{6D7A1ECF-F79C-4CFE-836F-A0DC630CDA37}.AppStore|Any CPU.Build.0 = Release|Any CPU
		{6D7A1ECF-F79C-4CFE-836F-A0DC630CDA37}.AppStore|Any CPU.Deploy.0 = Release|Any CPU
		{6D7A1ECF-F79C-4CFE-836F-A0DC630CDA37}.AppStore|ARM.ActiveCfg = Release|Any CPU
		{6D7A1ECF-F79C-4CFE-836F-A0DC630CDA37}.AppStore|ARM.Build.0 = Release|Any CPU
		{6D7A1ECF-F79C-4CFE-836F-A0DC630CDA37}.AppStore|ARM.Deploy.0 = Release|Any CPU
		{6D7A1ECF-F79C-4CFE-836F-A0DC630CDA37}.AppStore|iPhone.ActiveCfg = Release|Any CPU
		{6D7A1ECF-F79C-4CFE-836F-A0DC630CDA37}.AppStore|iPhone.Build.0 = Release|Any CPU
		{6D7A1ECF-F79C-4CFE-836F-A0DC630CDA37}.AppStore|iPhone.Deploy.0 = Release|Any CPU
		{6D7A1ECF-F79C-4CFE-836F-A0DC630CDA37}.AppStore|iPhoneSimulator.ActiveCfg = Release|Any CPU
		{6D7A1ECF-F79C-4CFE-836F-A0DC630CDA37}.AppStore|iPhoneSimulator.Build.0 = Release|Any CPU
		{6D7A1ECF-F79C-4CFE-836F-A0DC630CDA37}.AppStore|iPhoneSimulator.Deploy.0 = Release|Any CPU
		{6D7A1ECF-F79C-4CFE-836F-A0DC630CDA37}.AppStore|x64.ActiveCfg = Release|Any CPU
		{6D7A1ECF-F79C-4CFE-836F-A0DC630CDA37}.AppStore|x64.Build.0 = Release|Any CPU
		{6D7A1ECF-F79C-4CFE-836F-A0DC630CDA37}.AppStore|x64.Deploy.0 = Release|Any CPU
		{6D7A1ECF-F79C-4CFE-836F-A0DC630CDA37}.AppStore|x86.ActiveCfg = Release|Any CPU
		{6D7A1ECF-F79C-4CFE-836F-A0DC630CDA37}.AppStore|x86.Build.0 = Release|Any CPU
		{6D7A1ECF-F79C-4CFE-836F-A0DC630CDA37}.AppStore|x86.Deploy.0 = Release|Any CPU
		{6D7A1ECF-F79C-4CFE-836F-A0DC630CDA37}.Debug|Any CPU.ActiveCfg = Debug|Any CPU
		{6D7A1ECF-F79C-4CFE-836F-A0DC630CDA37}.Debug|Any CPU.Build.0 = Debug|Any CPU
		{6D7A1ECF-F79C-4CFE-836F-A0DC630CDA37}.Debug|Any CPU.Deploy.0 = Debug|Any CPU
		{6D7A1ECF-F79C-4CFE-836F-A0DC630CDA37}.Debug|ARM.ActiveCfg = Debug|Any CPU
		{6D7A1ECF-F79C-4CFE-836F-A0DC630CDA37}.Debug|ARM.Build.0 = Debug|Any CPU
		{6D7A1ECF-F79C-4CFE-836F-A0DC630CDA37}.Debug|ARM.Deploy.0 = Debug|Any CPU
		{6D7A1ECF-F79C-4CFE-836F-A0DC630CDA37}.Debug|iPhone.ActiveCfg = Debug|Any CPU
		{6D7A1ECF-F79C-4CFE-836F-A0DC630CDA37}.Debug|iPhone.Build.0 = Debug|Any CPU
		{6D7A1ECF-F79C-4CFE-836F-A0DC630CDA37}.Debug|iPhone.Deploy.0 = Debug|Any CPU
		{6D7A1ECF-F79C-4CFE-836F-A0DC630CDA37}.Debug|iPhoneSimulator.ActiveCfg = Debug|Any CPU
		{6D7A1ECF-F79C-4CFE-836F-A0DC630CDA37}.Debug|iPhoneSimulator.Build.0 = Debug|Any CPU
		{6D7A1ECF-F79C-4CFE-836F-A0DC630CDA37}.Debug|iPhoneSimulator.Deploy.0 = Debug|Any CPU
		{6D7A1ECF-F79C-4CFE-836F-A0DC630CDA37}.Debug|x64.ActiveCfg = Debug|Any CPU
		{6D7A1ECF-F79C-4CFE-836F-A0DC630CDA37}.Debug|x64.Build.0 = Debug|Any CPU
		{6D7A1ECF-F79C-4CFE-836F-A0DC630CDA37}.Debug|x64.Deploy.0 = Debug|Any CPU
		{6D7A1ECF-F79C-4CFE-836F-A0DC630CDA37}.Debug|x86.ActiveCfg = Debug|Any CPU
		{6D7A1ECF-F79C-4CFE-836F-A0DC630CDA37}.Debug|x86.Build.0 = Debug|Any CPU
		{6D7A1ECF-F79C-4CFE-836F-A0DC630CDA37}.Debug|x86.Deploy.0 = Debug|Any CPU
		{6D7A1ECF-F79C-4CFE-836F-A0DC630CDA37}.Release|Any CPU.ActiveCfg = Release|Any CPU
		{6D7A1ECF-F79C-4CFE-836F-A0DC630CDA37}.Release|Any CPU.Build.0 = Release|Any CPU
		{6D7A1ECF-F79C-4CFE-836F-A0DC630CDA37}.Release|Any CPU.Deploy.0 = Release|Any CPU
		{6D7A1ECF-F79C-4CFE-836F-A0DC630CDA37}.Release|ARM.ActiveCfg = Release|Any CPU
		{6D7A1ECF-F79C-4CFE-836F-A0DC630CDA37}.Release|ARM.Build.0 = Release|Any CPU
		{6D7A1ECF-F79C-4CFE-836F-A0DC630CDA37}.Release|ARM.Deploy.0 = Release|Any CPU
		{6D7A1ECF-F79C-4CFE-836F-A0DC630CDA37}.Release|iPhone.ActiveCfg = Release|Any CPU
		{6D7A1ECF-F79C-4CFE-836F-A0DC630CDA37}.Release|iPhone.Build.0 = Release|Any CPU
		{6D7A1ECF-F79C-4CFE-836F-A0DC630CDA37}.Release|iPhone.Deploy.0 = Release|Any CPU
		{6D7A1ECF-F79C-4CFE-836F-A0DC630CDA37}.Release|iPhoneSimulator.ActiveCfg = Release|Any CPU
		{6D7A1ECF-F79C-4CFE-836F-A0DC630CDA37}.Release|iPhoneSimulator.Build.0 = Release|Any CPU
		{6D7A1ECF-F79C-4CFE-836F-A0DC630CDA37}.Release|iPhoneSimulator.Deploy.0 = Release|Any CPU
		{6D7A1ECF-F79C-4CFE-836F-A0DC630CDA37}.Release|x64.ActiveCfg = Release|Any CPU
		{6D7A1ECF-F79C-4CFE-836F-A0DC630CDA37}.Release|x64.Build.0 = Release|Any CPU
		{6D7A1ECF-F79C-4CFE-836F-A0DC630CDA37}.Release|x64.Deploy.0 = Release|Any CPU
		{6D7A1ECF-F79C-4CFE-836F-A0DC630CDA37}.Release|x86.ActiveCfg = Release|Any CPU
		{6D7A1ECF-F79C-4CFE-836F-A0DC630CDA37}.Release|x86.Build.0 = Release|Any CPU
		{6D7A1ECF-F79C-4CFE-836F-A0DC630CDA37}.Release|x86.Deploy.0 = Release|Any CPU
		{6F536283-FB44-4225-8A2A-0174D6041F61}.Ad-Hoc|Any CPU.ActiveCfg = Ad-Hoc|iPhone
		{6F536283-FB44-4225-8A2A-0174D6041F61}.Ad-Hoc|ARM.ActiveCfg = Ad-Hoc|iPhone
		{6F536283-FB44-4225-8A2A-0174D6041F61}.Ad-Hoc|iPhone.ActiveCfg = Ad-Hoc|iPhone
		{6F536283-FB44-4225-8A2A-0174D6041F61}.Ad-Hoc|iPhone.Build.0 = Ad-Hoc|iPhone
		{6F536283-FB44-4225-8A2A-0174D6041F61}.Ad-Hoc|iPhoneSimulator.ActiveCfg = Ad-Hoc|iPhoneSimulator
		{6F536283-FB44-4225-8A2A-0174D6041F61}.Ad-Hoc|iPhoneSimulator.Build.0 = Ad-Hoc|iPhoneSimulator
		{6F536283-FB44-4225-8A2A-0174D6041F61}.Ad-Hoc|x64.ActiveCfg = Ad-Hoc|iPhone
		{6F536283-FB44-4225-8A2A-0174D6041F61}.Ad-Hoc|x86.ActiveCfg = Ad-Hoc|iPhone
		{6F536283-FB44-4225-8A2A-0174D6041F61}.AppStore|Any CPU.ActiveCfg = AppStore|iPhone
		{6F536283-FB44-4225-8A2A-0174D6041F61}.AppStore|ARM.ActiveCfg = AppStore|iPhone
		{6F536283-FB44-4225-8A2A-0174D6041F61}.AppStore|iPhone.ActiveCfg = AppStore|iPhone
		{6F536283-FB44-4225-8A2A-0174D6041F61}.AppStore|iPhone.Build.0 = AppStore|iPhone
		{6F536283-FB44-4225-8A2A-0174D6041F61}.AppStore|iPhoneSimulator.ActiveCfg = AppStore|iPhoneSimulator
		{6F536283-FB44-4225-8A2A-0174D6041F61}.AppStore|iPhoneSimulator.Build.0 = AppStore|iPhoneSimulator
		{6F536283-FB44-4225-8A2A-0174D6041F61}.AppStore|x64.ActiveCfg = AppStore|iPhone
		{6F536283-FB44-4225-8A2A-0174D6041F61}.AppStore|x86.ActiveCfg = AppStore|iPhone
		{6F536283-FB44-4225-8A2A-0174D6041F61}.Debug|Any CPU.ActiveCfg = Debug|iPhone
		{6F536283-FB44-4225-8A2A-0174D6041F61}.Debug|ARM.ActiveCfg = Debug|iPhone
		{6F536283-FB44-4225-8A2A-0174D6041F61}.Debug|iPhone.ActiveCfg = Debug|iPhone
		{6F536283-FB44-4225-8A2A-0174D6041F61}.Debug|iPhone.Build.0 = Debug|iPhone
		{6F536283-FB44-4225-8A2A-0174D6041F61}.Debug|iPhoneSimulator.ActiveCfg = Debug|iPhoneSimulator
		{6F536283-FB44-4225-8A2A-0174D6041F61}.Debug|iPhoneSimulator.Build.0 = Debug|iPhoneSimulator
		{6F536283-FB44-4225-8A2A-0174D6041F61}.Debug|x64.ActiveCfg = Debug|iPhone
		{6F536283-FB44-4225-8A2A-0174D6041F61}.Debug|x86.ActiveCfg = Debug|iPhone
		{6F536283-FB44-4225-8A2A-0174D6041F61}.Release|Any CPU.ActiveCfg = Release|iPhone
		{6F536283-FB44-4225-8A2A-0174D6041F61}.Release|ARM.ActiveCfg = Release|iPhone
		{6F536283-FB44-4225-8A2A-0174D6041F61}.Release|iPhone.ActiveCfg = Release|iPhone
		{6F536283-FB44-4225-8A2A-0174D6041F61}.Release|iPhone.Build.0 = Release|iPhone
		{6F536283-FB44-4225-8A2A-0174D6041F61}.Release|iPhoneSimulator.ActiveCfg = Release|iPhoneSimulator
		{6F536283-FB44-4225-8A2A-0174D6041F61}.Release|iPhoneSimulator.Build.0 = Release|iPhoneSimulator
		{6F536283-FB44-4225-8A2A-0174D6041F61}.Release|x64.ActiveCfg = Release|iPhone
		{6F536283-FB44-4225-8A2A-0174D6041F61}.Release|x86.ActiveCfg = Release|iPhone
		{BCABEC66-0DB7-4FB6-885D-FADAF534ADEE}.Ad-Hoc|Any CPU.ActiveCfg = Release|x86
		{BCABEC66-0DB7-4FB6-885D-FADAF534ADEE}.Ad-Hoc|Any CPU.Build.0 = Release|x86
		{BCABEC66-0DB7-4FB6-885D-FADAF534ADEE}.Ad-Hoc|Any CPU.Deploy.0 = Release|x86
		{BCABEC66-0DB7-4FB6-885D-FADAF534ADEE}.Ad-Hoc|ARM.ActiveCfg = Release|ARM
		{BCABEC66-0DB7-4FB6-885D-FADAF534ADEE}.Ad-Hoc|ARM.Build.0 = Release|ARM
		{BCABEC66-0DB7-4FB6-885D-FADAF534ADEE}.Ad-Hoc|ARM.Deploy.0 = Release|ARM
		{BCABEC66-0DB7-4FB6-885D-FADAF534ADEE}.Ad-Hoc|iPhone.ActiveCfg = Release|x86
		{BCABEC66-0DB7-4FB6-885D-FADAF534ADEE}.Ad-Hoc|iPhone.Build.0 = Release|x86
		{BCABEC66-0DB7-4FB6-885D-FADAF534ADEE}.Ad-Hoc|iPhone.Deploy.0 = Release|x86
		{BCABEC66-0DB7-4FB6-885D-FADAF534ADEE}.Ad-Hoc|iPhoneSimulator.ActiveCfg = Release|x86
		{BCABEC66-0DB7-4FB6-885D-FADAF534ADEE}.Ad-Hoc|iPhoneSimulator.Build.0 = Release|x86
		{BCABEC66-0DB7-4FB6-885D-FADAF534ADEE}.Ad-Hoc|iPhoneSimulator.Deploy.0 = Release|x86
		{BCABEC66-0DB7-4FB6-885D-FADAF534ADEE}.Ad-Hoc|x64.ActiveCfg = Release|x64
		{BCABEC66-0DB7-4FB6-885D-FADAF534ADEE}.Ad-Hoc|x64.Build.0 = Release|x64
		{BCABEC66-0DB7-4FB6-885D-FADAF534ADEE}.Ad-Hoc|x64.Deploy.0 = Release|x64
		{BCABEC66-0DB7-4FB6-885D-FADAF534ADEE}.Ad-Hoc|x86.ActiveCfg = Release|x86
		{BCABEC66-0DB7-4FB6-885D-FADAF534ADEE}.Ad-Hoc|x86.Build.0 = Release|x86
		{BCABEC66-0DB7-4FB6-885D-FADAF534ADEE}.Ad-Hoc|x86.Deploy.0 = Release|x86
		{BCABEC66-0DB7-4FB6-885D-FADAF534ADEE}.AppStore|Any CPU.ActiveCfg = Release|x86
		{BCABEC66-0DB7-4FB6-885D-FADAF534ADEE}.AppStore|Any CPU.Build.0 = Release|x86
		{BCABEC66-0DB7-4FB6-885D-FADAF534ADEE}.AppStore|Any CPU.Deploy.0 = Release|x86
		{BCABEC66-0DB7-4FB6-885D-FADAF534ADEE}.AppStore|ARM.ActiveCfg = Release|ARM
		{BCABEC66-0DB7-4FB6-885D-FADAF534ADEE}.AppStore|ARM.Build.0 = Release|ARM
		{BCABEC66-0DB7-4FB6-885D-FADAF534ADEE}.AppStore|ARM.Deploy.0 = Release|ARM
		{BCABEC66-0DB7-4FB6-885D-FADAF534ADEE}.AppStore|iPhone.ActiveCfg = Release|x86
		{BCABEC66-0DB7-4FB6-885D-FADAF534ADEE}.AppStore|iPhone.Build.0 = Release|x86
		{BCABEC66-0DB7-4FB6-885D-FADAF534ADEE}.AppStore|iPhone.Deploy.0 = Release|x86
		{BCABEC66-0DB7-4FB6-885D-FADAF534ADEE}.AppStore|iPhoneSimulator.ActiveCfg = Release|x86
		{BCABEC66-0DB7-4FB6-885D-FADAF534ADEE}.AppStore|iPhoneSimulator.Build.0 = Release|x86
		{BCABEC66-0DB7-4FB6-885D-FADAF534ADEE}.AppStore|iPhoneSimulator.Deploy.0 = Release|x86
		{BCABEC66-0DB7-4FB6-885D-FADAF534ADEE}.AppStore|x64.ActiveCfg = Release|x64
		{BCABEC66-0DB7-4FB6-885D-FADAF534ADEE}.AppStore|x64.Build.0 = Release|x64
		{BCABEC66-0DB7-4FB6-885D-FADAF534ADEE}.AppStore|x64.Deploy.0 = Release|x64
		{BCABEC66-0DB7-4FB6-885D-FADAF534ADEE}.AppStore|x86.ActiveCfg = Release|x86
		{BCABEC66-0DB7-4FB6-885D-FADAF534ADEE}.AppStore|x86.Build.0 = Release|x86
		{BCABEC66-0DB7-4FB6-885D-FADAF534ADEE}.AppStore|x86.Deploy.0 = Release|x86
		{BCABEC66-0DB7-4FB6-885D-FADAF534ADEE}.Debug|Any CPU.ActiveCfg = Debug|x86
		{BCABEC66-0DB7-4FB6-885D-FADAF534ADEE}.Debug|ARM.ActiveCfg = Debug|ARM
		{BCABEC66-0DB7-4FB6-885D-FADAF534ADEE}.Debug|ARM.Build.0 = Debug|ARM
		{BCABEC66-0DB7-4FB6-885D-FADAF534ADEE}.Debug|ARM.Deploy.0 = Debug|ARM
		{BCABEC66-0DB7-4FB6-885D-FADAF534ADEE}.Debug|iPhone.ActiveCfg = Debug|x86
		{BCABEC66-0DB7-4FB6-885D-FADAF534ADEE}.Debug|iPhoneSimulator.ActiveCfg = Debug|x86
		{BCABEC66-0DB7-4FB6-885D-FADAF534ADEE}.Debug|x64.ActiveCfg = Debug|x64
		{BCABEC66-0DB7-4FB6-885D-FADAF534ADEE}.Debug|x64.Build.0 = Debug|x64
		{BCABEC66-0DB7-4FB6-885D-FADAF534ADEE}.Debug|x64.Deploy.0 = Debug|x64
		{BCABEC66-0DB7-4FB6-885D-FADAF534ADEE}.Debug|x86.ActiveCfg = Debug|x86
		{BCABEC66-0DB7-4FB6-885D-FADAF534ADEE}.Debug|x86.Build.0 = Debug|x86
		{BCABEC66-0DB7-4FB6-885D-FADAF534ADEE}.Debug|x86.Deploy.0 = Debug|x86
		{BCABEC66-0DB7-4FB6-885D-FADAF534ADEE}.Release|Any CPU.ActiveCfg = Release|x86
		{BCABEC66-0DB7-4FB6-885D-FADAF534ADEE}.Release|ARM.ActiveCfg = Release|ARM
		{BCABEC66-0DB7-4FB6-885D-FADAF534ADEE}.Release|ARM.Build.0 = Release|ARM
		{BCABEC66-0DB7-4FB6-885D-FADAF534ADEE}.Release|ARM.Deploy.0 = Release|ARM
		{BCABEC66-0DB7-4FB6-885D-FADAF534ADEE}.Release|iPhone.ActiveCfg = Release|x86
		{BCABEC66-0DB7-4FB6-885D-FADAF534ADEE}.Release|iPhoneSimulator.ActiveCfg = Release|x86
		{BCABEC66-0DB7-4FB6-885D-FADAF534ADEE}.Release|x64.ActiveCfg = Release|x64
		{BCABEC66-0DB7-4FB6-885D-FADAF534ADEE}.Release|x64.Build.0 = Release|x64
		{BCABEC66-0DB7-4FB6-885D-FADAF534ADEE}.Release|x64.Deploy.0 = Release|x64
		{BCABEC66-0DB7-4FB6-885D-FADAF534ADEE}.Release|x86.ActiveCfg = Release|x86
		{BCABEC66-0DB7-4FB6-885D-FADAF534ADEE}.Release|x86.Build.0 = Release|x86
		{BCABEC66-0DB7-4FB6-885D-FADAF534ADEE}.Release|x86.Deploy.0 = Release|x86
		{FAAF3BCA-46A4-4BA2-96CF-B2CCF1113D13}.Ad-Hoc|Any CPU.ActiveCfg = Debug|Any CPU
		{FAAF3BCA-46A4-4BA2-96CF-B2CCF1113D13}.Ad-Hoc|Any CPU.Build.0 = Debug|Any CPU
		{FAAF3BCA-46A4-4BA2-96CF-B2CCF1113D13}.Ad-Hoc|ARM.ActiveCfg = Debug|Any CPU
		{FAAF3BCA-46A4-4BA2-96CF-B2CCF1113D13}.Ad-Hoc|ARM.Build.0 = Debug|Any CPU
		{FAAF3BCA-46A4-4BA2-96CF-B2CCF1113D13}.Ad-Hoc|iPhone.ActiveCfg = Debug|Any CPU
		{FAAF3BCA-46A4-4BA2-96CF-B2CCF1113D13}.Ad-Hoc|iPhone.Build.0 = Debug|Any CPU
		{FAAF3BCA-46A4-4BA2-96CF-B2CCF1113D13}.Ad-Hoc|iPhoneSimulator.ActiveCfg = Debug|Any CPU
		{FAAF3BCA-46A4-4BA2-96CF-B2CCF1113D13}.Ad-Hoc|iPhoneSimulator.Build.0 = Debug|Any CPU
		{FAAF3BCA-46A4-4BA2-96CF-B2CCF1113D13}.Ad-Hoc|x64.ActiveCfg = Debug|Any CPU
		{FAAF3BCA-46A4-4BA2-96CF-B2CCF1113D13}.Ad-Hoc|x64.Build.0 = Debug|Any CPU
		{FAAF3BCA-46A4-4BA2-96CF-B2CCF1113D13}.Ad-Hoc|x86.ActiveCfg = Debug|Any CPU
		{FAAF3BCA-46A4-4BA2-96CF-B2CCF1113D13}.Ad-Hoc|x86.Build.0 = Debug|Any CPU
		{FAAF3BCA-46A4-4BA2-96CF-B2CCF1113D13}.AppStore|Any CPU.ActiveCfg = Debug|Any CPU
		{FAAF3BCA-46A4-4BA2-96CF-B2CCF1113D13}.AppStore|Any CPU.Build.0 = Debug|Any CPU
		{FAAF3BCA-46A4-4BA2-96CF-B2CCF1113D13}.AppStore|ARM.ActiveCfg = Debug|Any CPU
		{FAAF3BCA-46A4-4BA2-96CF-B2CCF1113D13}.AppStore|ARM.Build.0 = Debug|Any CPU
		{FAAF3BCA-46A4-4BA2-96CF-B2CCF1113D13}.AppStore|iPhone.ActiveCfg = Debug|Any CPU
		{FAAF3BCA-46A4-4BA2-96CF-B2CCF1113D13}.AppStore|iPhone.Build.0 = Debug|Any CPU
		{FAAF3BCA-46A4-4BA2-96CF-B2CCF1113D13}.AppStore|iPhoneSimulator.ActiveCfg = Debug|Any CPU
		{FAAF3BCA-46A4-4BA2-96CF-B2CCF1113D13}.AppStore|iPhoneSimulator.Build.0 = Debug|Any CPU
		{FAAF3BCA-46A4-4BA2-96CF-B2CCF1113D13}.AppStore|x64.ActiveCfg = Debug|Any CPU
		{FAAF3BCA-46A4-4BA2-96CF-B2CCF1113D13}.AppStore|x64.Build.0 = Debug|Any CPU
		{FAAF3BCA-46A4-4BA2-96CF-B2CCF1113D13}.AppStore|x86.ActiveCfg = Debug|Any CPU
		{FAAF3BCA-46A4-4BA2-96CF-B2CCF1113D13}.AppStore|x86.Build.0 = Debug|Any CPU
		{FAAF3BCA-46A4-4BA2-96CF-B2CCF1113D13}.Debug|Any CPU.ActiveCfg = Debug|Any CPU
		{FAAF3BCA-46A4-4BA2-96CF-B2CCF1113D13}.Debug|Any CPU.Build.0 = Debug|Any CPU
		{FAAF3BCA-46A4-4BA2-96CF-B2CCF1113D13}.Debug|ARM.ActiveCfg = Debug|Any CPU
		{FAAF3BCA-46A4-4BA2-96CF-B2CCF1113D13}.Debug|ARM.Build.0 = Debug|Any CPU
		{FAAF3BCA-46A4-4BA2-96CF-B2CCF1113D13}.Debug|iPhone.ActiveCfg = Debug|Any CPU
		{FAAF3BCA-46A4-4BA2-96CF-B2CCF1113D13}.Debug|iPhone.Build.0 = Debug|Any CPU
		{FAAF3BCA-46A4-4BA2-96CF-B2CCF1113D13}.Debug|iPhoneSimulator.ActiveCfg = Debug|Any CPU
		{FAAF3BCA-46A4-4BA2-96CF-B2CCF1113D13}.Debug|iPhoneSimulator.Build.0 = Debug|Any CPU
		{FAAF3BCA-46A4-4BA2-96CF-B2CCF1113D13}.Debug|x64.ActiveCfg = Debug|Any CPU
		{FAAF3BCA-46A4-4BA2-96CF-B2CCF1113D13}.Debug|x64.Build.0 = Debug|Any CPU
		{FAAF3BCA-46A4-4BA2-96CF-B2CCF1113D13}.Debug|x86.ActiveCfg = Debug|Any CPU
		{FAAF3BCA-46A4-4BA2-96CF-B2CCF1113D13}.Debug|x86.Build.0 = Debug|Any CPU
		{FAAF3BCA-46A4-4BA2-96CF-B2CCF1113D13}.Release|Any CPU.ActiveCfg = Release|Any CPU
		{FAAF3BCA-46A4-4BA2-96CF-B2CCF1113D13}.Release|Any CPU.Build.0 = Release|Any CPU
		{FAAF3BCA-46A4-4BA2-96CF-B2CCF1113D13}.Release|ARM.ActiveCfg = Release|Any CPU
		{FAAF3BCA-46A4-4BA2-96CF-B2CCF1113D13}.Release|ARM.Build.0 = Release|Any CPU
		{FAAF3BCA-46A4-4BA2-96CF-B2CCF1113D13}.Release|iPhone.ActiveCfg = Release|Any CPU
		{FAAF3BCA-46A4-4BA2-96CF-B2CCF1113D13}.Release|iPhone.Build.0 = Release|Any CPU
		{FAAF3BCA-46A4-4BA2-96CF-B2CCF1113D13}.Release|iPhoneSimulator.ActiveCfg = Release|Any CPU
		{FAAF3BCA-46A4-4BA2-96CF-B2CCF1113D13}.Release|iPhoneSimulator.Build.0 = Release|Any CPU
		{FAAF3BCA-46A4-4BA2-96CF-B2CCF1113D13}.Release|x64.ActiveCfg = Release|Any CPU
		{FAAF3BCA-46A4-4BA2-96CF-B2CCF1113D13}.Release|x64.Build.0 = Release|Any CPU
		{FAAF3BCA-46A4-4BA2-96CF-B2CCF1113D13}.Release|x86.ActiveCfg = Release|Any CPU
		{FAAF3BCA-46A4-4BA2-96CF-B2CCF1113D13}.Release|x86.Build.0 = Release|Any CPU
		{2F210B4B-D32D-4854-BB8C-421FF64F39E5}.Ad-Hoc|Any CPU.ActiveCfg = Debug|Any CPU
		{2F210B4B-D32D-4854-BB8C-421FF64F39E5}.Ad-Hoc|Any CPU.Build.0 = Debug|Any CPU
		{2F210B4B-D32D-4854-BB8C-421FF64F39E5}.Ad-Hoc|ARM.ActiveCfg = Debug|Any CPU
		{2F210B4B-D32D-4854-BB8C-421FF64F39E5}.Ad-Hoc|ARM.Build.0 = Debug|Any CPU
		{2F210B4B-D32D-4854-BB8C-421FF64F39E5}.Ad-Hoc|iPhone.ActiveCfg = Debug|Any CPU
		{2F210B4B-D32D-4854-BB8C-421FF64F39E5}.Ad-Hoc|iPhone.Build.0 = Debug|Any CPU
		{2F210B4B-D32D-4854-BB8C-421FF64F39E5}.Ad-Hoc|iPhoneSimulator.ActiveCfg = Debug|Any CPU
		{2F210B4B-D32D-4854-BB8C-421FF64F39E5}.Ad-Hoc|iPhoneSimulator.Build.0 = Debug|Any CPU
		{2F210B4B-D32D-4854-BB8C-421FF64F39E5}.Ad-Hoc|x64.ActiveCfg = Debug|Any CPU
		{2F210B4B-D32D-4854-BB8C-421FF64F39E5}.Ad-Hoc|x64.Build.0 = Debug|Any CPU
		{2F210B4B-D32D-4854-BB8C-421FF64F39E5}.Ad-Hoc|x86.ActiveCfg = Debug|Any CPU
		{2F210B4B-D32D-4854-BB8C-421FF64F39E5}.Ad-Hoc|x86.Build.0 = Debug|Any CPU
		{2F210B4B-D32D-4854-BB8C-421FF64F39E5}.AppStore|Any CPU.ActiveCfg = Debug|Any CPU
		{2F210B4B-D32D-4854-BB8C-421FF64F39E5}.AppStore|Any CPU.Build.0 = Debug|Any CPU
		{2F210B4B-D32D-4854-BB8C-421FF64F39E5}.AppStore|ARM.ActiveCfg = Debug|Any CPU
		{2F210B4B-D32D-4854-BB8C-421FF64F39E5}.AppStore|ARM.Build.0 = Debug|Any CPU
		{2F210B4B-D32D-4854-BB8C-421FF64F39E5}.AppStore|iPhone.ActiveCfg = Debug|Any CPU
		{2F210B4B-D32D-4854-BB8C-421FF64F39E5}.AppStore|iPhone.Build.0 = Debug|Any CPU
		{2F210B4B-D32D-4854-BB8C-421FF64F39E5}.AppStore|iPhoneSimulator.ActiveCfg = Debug|Any CPU
		{2F210B4B-D32D-4854-BB8C-421FF64F39E5}.AppStore|iPhoneSimulator.Build.0 = Debug|Any CPU
		{2F210B4B-D32D-4854-BB8C-421FF64F39E5}.AppStore|x64.ActiveCfg = Debug|Any CPU
		{2F210B4B-D32D-4854-BB8C-421FF64F39E5}.AppStore|x64.Build.0 = Debug|Any CPU
		{2F210B4B-D32D-4854-BB8C-421FF64F39E5}.AppStore|x86.ActiveCfg = Debug|Any CPU
		{2F210B4B-D32D-4854-BB8C-421FF64F39E5}.AppStore|x86.Build.0 = Debug|Any CPU
		{2F210B4B-D32D-4854-BB8C-421FF64F39E5}.Debug|Any CPU.ActiveCfg = Debug|Any CPU
		{2F210B4B-D32D-4854-BB8C-421FF64F39E5}.Debug|Any CPU.Build.0 = Debug|Any CPU
		{2F210B4B-D32D-4854-BB8C-421FF64F39E5}.Debug|ARM.ActiveCfg = Debug|Any CPU
		{2F210B4B-D32D-4854-BB8C-421FF64F39E5}.Debug|ARM.Build.0 = Debug|Any CPU
		{2F210B4B-D32D-4854-BB8C-421FF64F39E5}.Debug|iPhone.ActiveCfg = Debug|Any CPU
		{2F210B4B-D32D-4854-BB8C-421FF64F39E5}.Debug|iPhone.Build.0 = Debug|Any CPU
		{2F210B4B-D32D-4854-BB8C-421FF64F39E5}.Debug|iPhoneSimulator.ActiveCfg = Debug|Any CPU
		{2F210B4B-D32D-4854-BB8C-421FF64F39E5}.Debug|iPhoneSimulator.Build.0 = Debug|Any CPU
		{2F210B4B-D32D-4854-BB8C-421FF64F39E5}.Debug|x64.ActiveCfg = Debug|Any CPU
		{2F210B4B-D32D-4854-BB8C-421FF64F39E5}.Debug|x64.Build.0 = Debug|Any CPU
		{2F210B4B-D32D-4854-BB8C-421FF64F39E5}.Debug|x86.ActiveCfg = Debug|Any CPU
		{2F210B4B-D32D-4854-BB8C-421FF64F39E5}.Debug|x86.Build.0 = Debug|Any CPU
		{2F210B4B-D32D-4854-BB8C-421FF64F39E5}.Release|Any CPU.ActiveCfg = Release|Any CPU
		{2F210B4B-D32D-4854-BB8C-421FF64F39E5}.Release|Any CPU.Build.0 = Release|Any CPU
		{2F210B4B-D32D-4854-BB8C-421FF64F39E5}.Release|ARM.ActiveCfg = Release|Any CPU
		{2F210B4B-D32D-4854-BB8C-421FF64F39E5}.Release|ARM.Build.0 = Release|Any CPU
		{2F210B4B-D32D-4854-BB8C-421FF64F39E5}.Release|iPhone.ActiveCfg = Release|Any CPU
		{2F210B4B-D32D-4854-BB8C-421FF64F39E5}.Release|iPhone.Build.0 = Release|Any CPU
		{2F210B4B-D32D-4854-BB8C-421FF64F39E5}.Release|iPhoneSimulator.ActiveCfg = Release|Any CPU
		{2F210B4B-D32D-4854-BB8C-421FF64F39E5}.Release|iPhoneSimulator.Build.0 = Release|Any CPU
		{2F210B4B-D32D-4854-BB8C-421FF64F39E5}.Release|x64.ActiveCfg = Release|Any CPU
		{2F210B4B-D32D-4854-BB8C-421FF64F39E5}.Release|x64.Build.0 = Release|Any CPU
		{2F210B4B-D32D-4854-BB8C-421FF64F39E5}.Release|x86.ActiveCfg = Release|Any CPU
		{2F210B4B-D32D-4854-BB8C-421FF64F39E5}.Release|x86.Build.0 = Release|Any CPU
	EndGlobalSection
	GlobalSection(SolutionProperties) = preSolution
		HideSolutionNode = FALSE
	EndGlobalSection
	GlobalSection(NestedProjects) = preSolution
		{6D7A1ECF-F79C-4CFE-836F-A0DC630CDA37} = {9F0926CC-C571-48FA-AE5A-D679327B5AC1}
		{6F536283-FB44-4225-8A2A-0174D6041F61} = {9F0926CC-C571-48FA-AE5A-D679327B5AC1}
		{BCABEC66-0DB7-4FB6-885D-FADAF534ADEE} = {9F0926CC-C571-48FA-AE5A-D679327B5AC1}
		{FAAF3BCA-46A4-4BA2-96CF-B2CCF1113D13} = {9F0926CC-C571-48FA-AE5A-D679327B5AC1}
	EndGlobalSection
	GlobalSection(ExtensibilityGlobals) = postSolution
		SolutionGuid = {9E0C7D6F-3E80-49BD-A4A4-24941A029F98}
	EndGlobalSection
EndGlobal
