
Microsoft Visual Studio Solution File, Format Version 12.00
# Visual Studio 15
VisualStudioVersion = 15.0.27130.2003
MinimumVisualStudioVersion = 10.0.40219.1
Project("{9A19103F-16F7-4668-BE54-9A1E7A4F7556}") = "Nuits.Interception.Fody", "Nuits.Interception.Fody\Nuits.Interception.Fody.csproj", "{8357C3BB-A2DA-4ADC-B8E6-781E412E54EB}"
EndProject
Project("{2150E333-8FDC-42A3-9474-1A3956D46DE8}") = "Solution Items", "Solution Items", "{981202F4-124E-4EE2-BC50-30BF459C8FD5}"
	ProjectSection(SolutionItems) = preProject
		..\NuGet\Nuits.Interception.Fody.nuspec = ..\NuGet\Nuits.Interception.Fody.nuspec
		..\NuGet\package.cmd = ..\NuGet\package.cmd
	EndProjectSection
EndProject
Project("{2150E333-8FDC-42A3-9474-1A3956D46DE8}") = "Sample", "Sample", "{9F0926CC-C571-48FA-AE5A-D679327B5AC1}"
EndProject
Project("{9A19103F-16F7-4668-BE54-9A1E7A4F7556}") = "Nuits.Interception", "Nuits.Interception\Nuits.Interception.csproj", "{B9F6EBA5-FA0B-486A-B55D-605BD4B39572}"
EndProject
Project("{FAE04EC0-301F-11D3-BF4B-00C04F79EFBC}") = "InterceptionApp.Android", "..\Sample\InterceptionApp\InterceptionApp.Android\InterceptionApp.Android.csproj", "{054F805B-F904-4C54-A4B4-CFFC1982BB47}"
EndProject
Project("{FAE04EC0-301F-11D3-BF4B-00C04F79EFBC}") = "InterceptionApp.iOS", "..\Sample\InterceptionApp\InterceptionApp.iOS\InterceptionApp.iOS.csproj", "{8CA39AA7-2353-4B38-954E-1DE6B14D7442}"
EndProject
Project("{FAE04EC0-301F-11D3-BF4B-00C04F79EFBC}") = "InterceptionApp.UWP", "..\Sample\InterceptionApp\InterceptionApp.UWP\InterceptionApp.UWP.csproj", "{8B74A8D5-DD17-4AAE-A02E-FF5DD361721B}"
EndProject
Project("{FAE04EC0-301F-11D3-BF4B-00C04F79EFBC}") = "InterceptionApp", "..\Sample\InterceptionApp\InterceptionApp\InterceptionApp.csproj", "{C0E444BE-E04A-4A8E-AB73-EA940ED6E7CE}"
EndProject
Project("{FAE04EC0-301F-11D3-BF4B-00C04F79EFBC}") = "InterceptionApp.Models", "InterceptionApp.Models\InterceptionApp.Models.csproj", "{AD723F17-73CB-4D5F-9BDD-56C54277F631}"
EndProject
Global
	GlobalSection(SolutionConfigurationPlatforms) = preSolution
		Ad-Hoc|Any CPU = Ad-Hoc|Any CPU
		Ad-Hoc|ARM = Ad-Hoc|ARM
		Ad-Hoc|iPhone = Ad-Hoc|iPhone
		Ad-Hoc|iPhoneSimulator = Ad-Hoc|iPhoneSimulator
		Ad-Hoc|x64 = Ad-Hoc|x64
		Ad-Hoc|x86 = Ad-Hoc|x86
		AppStore|Any CPU = AppStore|Any CPU
		AppStore|ARM = AppStore|ARM
		AppStore|iPhone = AppStore|iPhone
		AppStore|iPhoneSimulator = AppStore|iPhoneSimulator
		AppStore|x64 = AppStore|x64
		AppStore|x86 = AppStore|x86
		Debug|Any CPU = Debug|Any CPU
		Debug|ARM = Debug|ARM
		Debug|iPhone = Debug|iPhone
		Debug|iPhoneSimulator = Debug|iPhoneSimulator
		Debug|x64 = Debug|x64
		Debug|x86 = Debug|x86
		Release|Any CPU = Release|Any CPU
		Release|ARM = Release|ARM
		Release|iPhone = Release|iPhone
		Release|iPhoneSimulator = Release|iPhoneSimulator
		Release|x64 = Release|x64
		Release|x86 = Release|x86
	EndGlobalSection
	GlobalSection(ProjectConfigurationPlatforms) = postSolution
		{8357C3BB-A2DA-4ADC-B8E6-781E412E54EB}.Ad-Hoc|Any CPU.ActiveCfg = Release|Any CPU
		{8357C3BB-A2DA-4ADC-B8E6-781E412E54EB}.Ad-Hoc|Any CPU.Build.0 = Release|Any CPU
		{8357C3BB-A2DA-4ADC-B8E6-781E412E54EB}.Ad-Hoc|ARM.ActiveCfg = Release|Any CPU
		{8357C3BB-A2DA-4ADC-B8E6-781E412E54EB}.Ad-Hoc|ARM.Build.0 = Release|Any CPU
		{8357C3BB-A2DA-4ADC-B8E6-781E412E54EB}.Ad-Hoc|iPhone.ActiveCfg = Release|Any CPU
		{8357C3BB-A2DA-4ADC-B8E6-781E412E54EB}.Ad-Hoc|iPhone.Build.0 = Release|Any CPU
		{8357C3BB-A2DA-4ADC-B8E6-781E412E54EB}.Ad-Hoc|iPhoneSimulator.ActiveCfg = Release|Any CPU
		{8357C3BB-A2DA-4ADC-B8E6-781E412E54EB}.Ad-Hoc|iPhoneSimulator.Build.0 = Release|Any CPU
		{8357C3BB-A2DA-4ADC-B8E6-781E412E54EB}.Ad-Hoc|x64.ActiveCfg = Release|Any CPU
		{8357C3BB-A2DA-4ADC-B8E6-781E412E54EB}.Ad-Hoc|x64.Build.0 = Release|Any CPU
		{8357C3BB-A2DA-4ADC-B8E6-781E412E54EB}.Ad-Hoc|x86.ActiveCfg = Release|Any CPU
		{8357C3BB-A2DA-4ADC-B8E6-781E412E54EB}.Ad-Hoc|x86.Build.0 = Release|Any CPU
		{8357C3BB-A2DA-4ADC-B8E6-781E412E54EB}.AppStore|Any CPU.ActiveCfg = Release|Any CPU
		{8357C3BB-A2DA-4ADC-B8E6-781E412E54EB}.AppStore|Any CPU.Build.0 = Release|Any CPU
		{8357C3BB-A2DA-4ADC-B8E6-781E412E54EB}.AppStore|ARM.ActiveCfg = Release|Any CPU
		{8357C3BB-A2DA-4ADC-B8E6-781E412E54EB}.AppStore|ARM.Build.0 = Release|Any CPU
		{8357C3BB-A2DA-4ADC-B8E6-781E412E54EB}.AppStore|iPhone.ActiveCfg = Release|Any CPU
		{8357C3BB-A2DA-4ADC-B8E6-781E412E54EB}.AppStore|iPhone.Build.0 = Release|Any CPU
		{8357C3BB-A2DA-4ADC-B8E6-781E412E54EB}.AppStore|iPhoneSimulator.ActiveCfg = Release|Any CPU
		{8357C3BB-A2DA-4ADC-B8E6-781E412E54EB}.AppStore|iPhoneSimulator.Build.0 = Release|Any CPU
		{8357C3BB-A2DA-4ADC-B8E6-781E412E54EB}.AppStore|x64.ActiveCfg = Release|Any CPU
		{8357C3BB-A2DA-4ADC-B8E6-781E412E54EB}.AppStore|x64.Build.0 = Release|Any CPU
		{8357C3BB-A2DA-4ADC-B8E6-781E412E54EB}.AppStore|x86.ActiveCfg = Release|Any CPU
		{8357C3BB-A2DA-4ADC-B8E6-781E412E54EB}.AppStore|x86.Build.0 = Release|Any CPU
		{8357C3BB-A2DA-4ADC-B8E6-781E412E54EB}.Debug|Any CPU.ActiveCfg = Debug|Any CPU
		{8357C3BB-A2DA-4ADC-B8E6-781E412E54EB}.Debug|Any CPU.Build.0 = Debug|Any CPU
		{8357C3BB-A2DA-4ADC-B8E6-781E412E54EB}.Debug|ARM.ActiveCfg = Debug|Any CPU
		{8357C3BB-A2DA-4ADC-B8E6-781E412E54EB}.Debug|ARM.Build.0 = Debug|Any CPU
		{8357C3BB-A2DA-4ADC-B8E6-781E412E54EB}.Debug|iPhone.ActiveCfg = Debug|Any CPU
		{8357C3BB-A2DA-4ADC-B8E6-781E412E54EB}.Debug|iPhone.Build.0 = Debug|Any CPU
		{8357C3BB-A2DA-4ADC-B8E6-781E412E54EB}.Debug|iPhoneSimulator.ActiveCfg = Debug|Any CPU
		{8357C3BB-A2DA-4ADC-B8E6-781E412E54EB}.Debug|iPhoneSimulator.Build.0 = Debug|Any CPU
		{8357C3BB-A2DA-4ADC-B8E6-781E412E54EB}.Debug|x64.ActiveCfg = Debug|Any CPU
		{8357C3BB-A2DA-4ADC-B8E6-781E412E54EB}.Debug|x64.Build.0 = Debug|Any CPU
		{8357C3BB-A2DA-4ADC-B8E6-781E412E54EB}.Debug|x86.ActiveCfg = Debug|Any CPU
		{8357C3BB-A2DA-4ADC-B8E6-781E412E54EB}.Debug|x86.Build.0 = Debug|Any CPU
		{8357C3BB-A2DA-4ADC-B8E6-781E412E54EB}.Release|Any CPU.ActiveCfg = Release|Any CPU
		{8357C3BB-A2DA-4ADC-B8E6-781E412E54EB}.Release|Any CPU.Build.0 = Release|Any CPU
		{8357C3BB-A2DA-4ADC-B8E6-781E412E54EB}.Release|ARM.ActiveCfg = Release|Any CPU
		{8357C3BB-A2DA-4ADC-B8E6-781E412E54EB}.Release|ARM.Build.0 = Release|Any CPU
		{8357C3BB-A2DA-4ADC-B8E6-781E412E54EB}.Release|iPhone.ActiveCfg = Release|Any CPU
		{8357C3BB-A2DA-4ADC-B8E6-781E412E54EB}.Release|iPhone.Build.0 = Release|Any CPU
		{8357C3BB-A2DA-4ADC-B8E6-781E412E54EB}.Release|iPhoneSimulator.ActiveCfg = Release|Any CPU
		{8357C3BB-A2DA-4ADC-B8E6-781E412E54EB}.Release|iPhoneSimulator.Build.0 = Release|Any CPU
		{8357C3BB-A2DA-4ADC-B8E6-781E412E54EB}.Release|x64.ActiveCfg = Release|Any CPU
		{8357C3BB-A2DA-4ADC-B8E6-781E412E54EB}.Release|x64.Build.0 = Release|Any CPU
		{8357C3BB-A2DA-4ADC-B8E6-781E412E54EB}.Release|x86.ActiveCfg = Release|Any CPU
		{8357C3BB-A2DA-4ADC-B8E6-781E412E54EB}.Release|x86.Build.0 = Release|Any CPU
		{B9F6EBA5-FA0B-486A-B55D-605BD4B39572}.Ad-Hoc|Any CPU.ActiveCfg = Debug|Any CPU
		{B9F6EBA5-FA0B-486A-B55D-605BD4B39572}.Ad-Hoc|Any CPU.Build.0 = Debug|Any CPU
		{B9F6EBA5-FA0B-486A-B55D-605BD4B39572}.Ad-Hoc|ARM.ActiveCfg = Debug|Any CPU
		{B9F6EBA5-FA0B-486A-B55D-605BD4B39572}.Ad-Hoc|ARM.Build.0 = Debug|Any CPU
		{B9F6EBA5-FA0B-486A-B55D-605BD4B39572}.Ad-Hoc|iPhone.ActiveCfg = Debug|Any CPU
		{B9F6EBA5-FA0B-486A-B55D-605BD4B39572}.Ad-Hoc|iPhone.Build.0 = Debug|Any CPU
		{B9F6EBA5-FA0B-486A-B55D-605BD4B39572}.Ad-Hoc|iPhoneSimulator.ActiveCfg = Debug|Any CPU
		{B9F6EBA5-FA0B-486A-B55D-605BD4B39572}.Ad-Hoc|iPhoneSimulator.Build.0 = Debug|Any CPU
		{B9F6EBA5-FA0B-486A-B55D-605BD4B39572}.Ad-Hoc|x64.ActiveCfg = Debug|Any CPU
		{B9F6EBA5-FA0B-486A-B55D-605BD4B39572}.Ad-Hoc|x64.Build.0 = Debug|Any CPU
		{B9F6EBA5-FA0B-486A-B55D-605BD4B39572}.Ad-Hoc|x86.ActiveCfg = Debug|Any CPU
		{B9F6EBA5-FA0B-486A-B55D-605BD4B39572}.Ad-Hoc|x86.Build.0 = Debug|Any CPU
		{B9F6EBA5-FA0B-486A-B55D-605BD4B39572}.AppStore|Any CPU.ActiveCfg = Debug|Any CPU
		{B9F6EBA5-FA0B-486A-B55D-605BD4B39572}.AppStore|Any CPU.Build.0 = Debug|Any CPU
		{B9F6EBA5-FA0B-486A-B55D-605BD4B39572}.AppStore|ARM.ActiveCfg = Debug|Any CPU
		{B9F6EBA5-FA0B-486A-B55D-605BD4B39572}.AppStore|ARM.Build.0 = Debug|Any CPU
		{B9F6EBA5-FA0B-486A-B55D-605BD4B39572}.AppStore|iPhone.ActiveCfg = Debug|Any CPU
		{B9F6EBA5-FA0B-486A-B55D-605BD4B39572}.AppStore|iPhone.Build.0 = Debug|Any CPU
		{B9F6EBA5-FA0B-486A-B55D-605BD4B39572}.AppStore|iPhoneSimulator.ActiveCfg = Debug|Any CPU
		{B9F6EBA5-FA0B-486A-B55D-605BD4B39572}.AppStore|iPhoneSimulator.Build.0 = Debug|Any CPU
		{B9F6EBA5-FA0B-486A-B55D-605BD4B39572}.AppStore|x64.ActiveCfg = Debug|Any CPU
		{B9F6EBA5-FA0B-486A-B55D-605BD4B39572}.AppStore|x64.Build.0 = Debug|Any CPU
		{B9F6EBA5-FA0B-486A-B55D-605BD4B39572}.AppStore|x86.ActiveCfg = Debug|Any CPU
		{B9F6EBA5-FA0B-486A-B55D-605BD4B39572}.AppStore|x86.Build.0 = Debug|Any CPU
		{B9F6EBA5-FA0B-486A-B55D-605BD4B39572}.Debug|Any CPU.ActiveCfg = Debug|Any CPU
		{B9F6EBA5-FA0B-486A-B55D-605BD4B39572}.Debug|Any CPU.Build.0 = Debug|Any CPU
		{B9F6EBA5-FA0B-486A-B55D-605BD4B39572}.Debug|ARM.ActiveCfg = Debug|Any CPU
		{B9F6EBA5-FA0B-486A-B55D-605BD4B39572}.Debug|ARM.Build.0 = Debug|Any CPU
		{B9F6EBA5-FA0B-486A-B55D-605BD4B39572}.Debug|iPhone.ActiveCfg = Debug|Any CPU
		{B9F6EBA5-FA0B-486A-B55D-605BD4B39572}.Debug|iPhone.Build.0 = Debug|Any CPU
		{B9F6EBA5-FA0B-486A-B55D-605BD4B39572}.Debug|iPhoneSimulator.ActiveCfg = Debug|Any CPU
		{B9F6EBA5-FA0B-486A-B55D-605BD4B39572}.Debug|iPhoneSimulator.Build.0 = Debug|Any CPU
		{B9F6EBA5-FA0B-486A-B55D-605BD4B39572}.Debug|x64.ActiveCfg = Debug|Any CPU
		{B9F6EBA5-FA0B-486A-B55D-605BD4B39572}.Debug|x64.Build.0 = Debug|Any CPU
		{B9F6EBA5-FA0B-486A-B55D-605BD4B39572}.Debug|x86.ActiveCfg = Debug|Any CPU
		{B9F6EBA5-FA0B-486A-B55D-605BD4B39572}.Debug|x86.Build.0 = Debug|Any CPU
		{B9F6EBA5-FA0B-486A-B55D-605BD4B39572}.Release|Any CPU.ActiveCfg = Release|Any CPU
		{B9F6EBA5-FA0B-486A-B55D-605BD4B39572}.Release|Any CPU.Build.0 = Release|Any CPU
		{B9F6EBA5-FA0B-486A-B55D-605BD4B39572}.Release|ARM.ActiveCfg = Release|Any CPU
		{B9F6EBA5-FA0B-486A-B55D-605BD4B39572}.Release|ARM.Build.0 = Release|Any CPU
		{B9F6EBA5-FA0B-486A-B55D-605BD4B39572}.Release|iPhone.ActiveCfg = Release|Any CPU
		{B9F6EBA5-FA0B-486A-B55D-605BD4B39572}.Release|iPhone.Build.0 = Release|Any CPU
		{B9F6EBA5-FA0B-486A-B55D-605BD4B39572}.Release|iPhoneSimulator.ActiveCfg = Release|Any CPU
		{B9F6EBA5-FA0B-486A-B55D-605BD4B39572}.Release|iPhoneSimulator.Build.0 = Release|Any CPU
		{B9F6EBA5-FA0B-486A-B55D-605BD4B39572}.Release|x64.ActiveCfg = Release|Any CPU
		{B9F6EBA5-FA0B-486A-B55D-605BD4B39572}.Release|x64.Build.0 = Release|Any CPU
		{B9F6EBA5-FA0B-486A-B55D-605BD4B39572}.Release|x86.ActiveCfg = Release|Any CPU
		{B9F6EBA5-FA0B-486A-B55D-605BD4B39572}.Release|x86.Build.0 = Release|Any CPU
		{054F805B-F904-4C54-A4B4-CFFC1982BB47}.Ad-Hoc|Any CPU.ActiveCfg = Release|Any CPU
		{054F805B-F904-4C54-A4B4-CFFC1982BB47}.Ad-Hoc|Any CPU.Build.0 = Release|Any CPU
		{054F805B-F904-4C54-A4B4-CFFC1982BB47}.Ad-Hoc|Any CPU.Deploy.0 = Release|Any CPU
		{054F805B-F904-4C54-A4B4-CFFC1982BB47}.Ad-Hoc|ARM.ActiveCfg = Release|Any CPU
		{054F805B-F904-4C54-A4B4-CFFC1982BB47}.Ad-Hoc|ARM.Build.0 = Release|Any CPU
		{054F805B-F904-4C54-A4B4-CFFC1982BB47}.Ad-Hoc|ARM.Deploy.0 = Release|Any CPU
		{054F805B-F904-4C54-A4B4-CFFC1982BB47}.Ad-Hoc|iPhone.ActiveCfg = Release|Any CPU
		{054F805B-F904-4C54-A4B4-CFFC1982BB47}.Ad-Hoc|iPhone.Build.0 = Release|Any CPU
		{054F805B-F904-4C54-A4B4-CFFC1982BB47}.Ad-Hoc|iPhone.Deploy.0 = Release|Any CPU
		{054F805B-F904-4C54-A4B4-CFFC1982BB47}.Ad-Hoc|iPhoneSimulator.ActiveCfg = Release|Any CPU
		{054F805B-F904-4C54-A4B4-CFFC1982BB47}.Ad-Hoc|iPhoneSimulator.Build.0 = Release|Any CPU
		{054F805B-F904-4C54-A4B4-CFFC1982BB47}.Ad-Hoc|iPhoneSimulator.Deploy.0 = Release|Any CPU
		{054F805B-F904-4C54-A4B4-CFFC1982BB47}.Ad-Hoc|x64.ActiveCfg = Release|Any CPU
		{054F805B-F904-4C54-A4B4-CFFC1982BB47}.Ad-Hoc|x64.Build.0 = Release|Any CPU
		{054F805B-F904-4C54-A4B4-CFFC1982BB47}.Ad-Hoc|x64.Deploy.0 = Release|Any CPU
		{054F805B-F904-4C54-A4B4-CFFC1982BB47}.Ad-Hoc|x86.ActiveCfg = Release|Any CPU
		{054F805B-F904-4C54-A4B4-CFFC1982BB47}.Ad-Hoc|x86.Build.0 = Release|Any CPU
		{054F805B-F904-4C54-A4B4-CFFC1982BB47}.Ad-Hoc|x86.Deploy.0 = Release|Any CPU
		{054F805B-F904-4C54-A4B4-CFFC1982BB47}.AppStore|Any CPU.ActiveCfg = Release|Any CPU
		{054F805B-F904-4C54-A4B4-CFFC1982BB47}.AppStore|Any CPU.Build.0 = Release|Any CPU
		{054F805B-F904-4C54-A4B4-CFFC1982BB47}.AppStore|Any CPU.Deploy.0 = Release|Any CPU
		{054F805B-F904-4C54-A4B4-CFFC1982BB47}.AppStore|ARM.ActiveCfg = Release|Any CPU
		{054F805B-F904-4C54-A4B4-CFFC1982BB47}.AppStore|ARM.Build.0 = Release|Any CPU
		{054F805B-F904-4C54-A4B4-CFFC1982BB47}.AppStore|ARM.Deploy.0 = Release|Any CPU
		{054F805B-F904-4C54-A4B4-CFFC1982BB47}.AppStore|iPhone.ActiveCfg = Release|Any CPU
		{054F805B-F904-4C54-A4B4-CFFC1982BB47}.AppStore|iPhone.Build.0 = Release|Any CPU
		{054F805B-F904-4C54-A4B4-CFFC1982BB47}.AppStore|iPhone.Deploy.0 = Release|Any CPU
		{054F805B-F904-4C54-A4B4-CFFC1982BB47}.AppStore|iPhoneSimulator.ActiveCfg = Release|Any CPU
		{054F805B-F904-4C54-A4B4-CFFC1982BB47}.AppStore|iPhoneSimulator.Build.0 = Release|Any CPU
		{054F805B-F904-4C54-A4B4-CFFC1982BB47}.AppStore|iPhoneSimulator.Deploy.0 = Release|Any CPU
		{054F805B-F904-4C54-A4B4-CFFC1982BB47}.AppStore|x64.ActiveCfg = Release|Any CPU
		{054F805B-F904-4C54-A4B4-CFFC1982BB47}.AppStore|x64.Build.0 = Release|Any CPU
		{054F805B-F904-4C54-A4B4-CFFC1982BB47}.AppStore|x64.Deploy.0 = Release|Any CPU
		{054F805B-F904-4C54-A4B4-CFFC1982BB47}.AppStore|x86.ActiveCfg = Release|Any CPU
		{054F805B-F904-4C54-A4B4-CFFC1982BB47}.AppStore|x86.Build.0 = Release|Any CPU
		{054F805B-F904-4C54-A4B4-CFFC1982BB47}.AppStore|x86.Deploy.0 = Release|Any CPU
		{054F805B-F904-4C54-A4B4-CFFC1982BB47}.Debug|Any CPU.ActiveCfg = Debug|Any CPU
		{054F805B-F904-4C54-A4B4-CFFC1982BB47}.Debug|Any CPU.Build.0 = Debug|Any CPU
		{054F805B-F904-4C54-A4B4-CFFC1982BB47}.Debug|Any CPU.Deploy.0 = Debug|Any CPU
		{054F805B-F904-4C54-A4B4-CFFC1982BB47}.Debug|ARM.ActiveCfg = Debug|Any CPU
		{054F805B-F904-4C54-A4B4-CFFC1982BB47}.Debug|ARM.Build.0 = Debug|Any CPU
		{054F805B-F904-4C54-A4B4-CFFC1982BB47}.Debug|ARM.Deploy.0 = Debug|Any CPU
		{054F805B-F904-4C54-A4B4-CFFC1982BB47}.Debug|iPhone.ActiveCfg = Debug|Any CPU
		{054F805B-F904-4C54-A4B4-CFFC1982BB47}.Debug|iPhone.Build.0 = Debug|Any CPU
		{054F805B-F904-4C54-A4B4-CFFC1982BB47}.Debug|iPhone.Deploy.0 = Debug|Any CPU
		{054F805B-F904-4C54-A4B4-CFFC1982BB47}.Debug|iPhoneSimulator.ActiveCfg = Debug|Any CPU
		{054F805B-F904-4C54-A4B4-CFFC1982BB47}.Debug|iPhoneSimulator.Build.0 = Debug|Any CPU
		{054F805B-F904-4C54-A4B4-CFFC1982BB47}.Debug|iPhoneSimulator.Deploy.0 = Debug|Any CPU
		{054F805B-F904-4C54-A4B4-CFFC1982BB47}.Debug|x64.ActiveCfg = Debug|Any CPU
		{054F805B-F904-4C54-A4B4-CFFC1982BB47}.Debug|x64.Build.0 = Debug|Any CPU
		{054F805B-F904-4C54-A4B4-CFFC1982BB47}.Debug|x64.Deploy.0 = Debug|Any CPU
		{054F805B-F904-4C54-A4B4-CFFC1982BB47}.Debug|x86.ActiveCfg = Debug|Any CPU
		{054F805B-F904-4C54-A4B4-CFFC1982BB47}.Debug|x86.Build.0 = Debug|Any CPU
		{054F805B-F904-4C54-A4B4-CFFC1982BB47}.Debug|x86.Deploy.0 = Debug|Any CPU
		{054F805B-F904-4C54-A4B4-CFFC1982BB47}.Release|Any CPU.ActiveCfg = Release|Any CPU
		{054F805B-F904-4C54-A4B4-CFFC1982BB47}.Release|Any CPU.Build.0 = Release|Any CPU
		{054F805B-F904-4C54-A4B4-CFFC1982BB47}.Release|Any CPU.Deploy.0 = Release|Any CPU
		{054F805B-F904-4C54-A4B4-CFFC1982BB47}.Release|ARM.ActiveCfg = Release|Any CPU
		{054F805B-F904-4C54-A4B4-CFFC1982BB47}.Release|ARM.Build.0 = Release|Any CPU
		{054F805B-F904-4C54-A4B4-CFFC1982BB47}.Release|ARM.Deploy.0 = Release|Any CPU
		{054F805B-F904-4C54-A4B4-CFFC1982BB47}.Release|iPhone.ActiveCfg = Release|Any CPU
		{054F805B-F904-4C54-A4B4-CFFC1982BB47}.Release|iPhone.Build.0 = Release|Any CPU
		{054F805B-F904-4C54-A4B4-CFFC1982BB47}.Release|iPhone.Deploy.0 = Release|Any CPU
		{054F805B-F904-4C54-A4B4-CFFC1982BB47}.Release|iPhoneSimulator.ActiveCfg = Release|Any CPU
		{054F805B-F904-4C54-A4B4-CFFC1982BB47}.Release|iPhoneSimulator.Build.0 = Release|Any CPU
		{054F805B-F904-4C54-A4B4-CFFC1982BB47}.Release|iPhoneSimulator.Deploy.0 = Release|Any CPU
		{054F805B-F904-4C54-A4B4-CFFC1982BB47}.Release|x64.ActiveCfg = Release|Any CPU
		{054F805B-F904-4C54-A4B4-CFFC1982BB47}.Release|x64.Build.0 = Release|Any CPU
		{054F805B-F904-4C54-A4B4-CFFC1982BB47}.Release|x64.Deploy.0 = Release|Any CPU
		{054F805B-F904-4C54-A4B4-CFFC1982BB47}.Release|x86.ActiveCfg = Release|Any CPU
		{054F805B-F904-4C54-A4B4-CFFC1982BB47}.Release|x86.Build.0 = Release|Any CPU
		{054F805B-F904-4C54-A4B4-CFFC1982BB47}.Release|x86.Deploy.0 = Release|Any CPU
		{8CA39AA7-2353-4B38-954E-1DE6B14D7442}.Ad-Hoc|Any CPU.ActiveCfg = Ad-Hoc|iPhone
		{8CA39AA7-2353-4B38-954E-1DE6B14D7442}.Ad-Hoc|ARM.ActiveCfg = Ad-Hoc|iPhone
		{8CA39AA7-2353-4B38-954E-1DE6B14D7442}.Ad-Hoc|iPhone.ActiveCfg = Ad-Hoc|iPhone
		{8CA39AA7-2353-4B38-954E-1DE6B14D7442}.Ad-Hoc|iPhone.Build.0 = Ad-Hoc|iPhone
		{8CA39AA7-2353-4B38-954E-1DE6B14D7442}.Ad-Hoc|iPhoneSimulator.ActiveCfg = Ad-Hoc|iPhoneSimulator
		{8CA39AA7-2353-4B38-954E-1DE6B14D7442}.Ad-Hoc|iPhoneSimulator.Build.0 = Ad-Hoc|iPhoneSimulator
		{8CA39AA7-2353-4B38-954E-1DE6B14D7442}.Ad-Hoc|x64.ActiveCfg = Ad-Hoc|iPhone
		{8CA39AA7-2353-4B38-954E-1DE6B14D7442}.Ad-Hoc|x86.ActiveCfg = Ad-Hoc|iPhone
		{8CA39AA7-2353-4B38-954E-1DE6B14D7442}.AppStore|Any CPU.ActiveCfg = AppStore|iPhone
		{8CA39AA7-2353-4B38-954E-1DE6B14D7442}.AppStore|ARM.ActiveCfg = AppStore|iPhone
		{8CA39AA7-2353-4B38-954E-1DE6B14D7442}.AppStore|iPhone.ActiveCfg = AppStore|iPhone
		{8CA39AA7-2353-4B38-954E-1DE6B14D7442}.AppStore|iPhone.Build.0 = AppStore|iPhone
		{8CA39AA7-2353-4B38-954E-1DE6B14D7442}.AppStore|iPhoneSimulator.ActiveCfg = AppStore|iPhoneSimulator
		{8CA39AA7-2353-4B38-954E-1DE6B14D7442}.AppStore|iPhoneSimulator.Build.0 = AppStore|iPhoneSimulator
		{8CA39AA7-2353-4B38-954E-1DE6B14D7442}.AppStore|x64.ActiveCfg = AppStore|iPhone
		{8CA39AA7-2353-4B38-954E-1DE6B14D7442}.AppStore|x86.ActiveCfg = AppStore|iPhone
		{8CA39AA7-2353-4B38-954E-1DE6B14D7442}.Debug|Any CPU.ActiveCfg = Debug|iPhone
		{8CA39AA7-2353-4B38-954E-1DE6B14D7442}.Debug|ARM.ActiveCfg = Debug|iPhone
		{8CA39AA7-2353-4B38-954E-1DE6B14D7442}.Debug|iPhone.ActiveCfg = Debug|iPhone
		{8CA39AA7-2353-4B38-954E-1DE6B14D7442}.Debug|iPhone.Build.0 = Debug|iPhone
		{8CA39AA7-2353-4B38-954E-1DE6B14D7442}.Debug|iPhoneSimulator.ActiveCfg = Debug|iPhoneSimulator
		{8CA39AA7-2353-4B38-954E-1DE6B14D7442}.Debug|iPhoneSimulator.Build.0 = Debug|iPhoneSimulator
		{8CA39AA7-2353-4B38-954E-1DE6B14D7442}.Debug|x64.ActiveCfg = Debug|iPhone
		{8CA39AA7-2353-4B38-954E-1DE6B14D7442}.Debug|x86.ActiveCfg = Debug|iPhone
		{8CA39AA7-2353-4B38-954E-1DE6B14D7442}.Release|Any CPU.ActiveCfg = Release|iPhone
		{8CA39AA7-2353-4B38-954E-1DE6B14D7442}.Release|ARM.ActiveCfg = Release|iPhone
		{8CA39AA7-2353-4B38-954E-1DE6B14D7442}.Release|iPhone.ActiveCfg = Release|iPhone
		{8CA39AA7-2353-4B38-954E-1DE6B14D7442}.Release|iPhone.Build.0 = Release|iPhone
		{8CA39AA7-2353-4B38-954E-1DE6B14D7442}.Release|iPhoneSimulator.ActiveCfg = Release|iPhoneSimulator
		{8CA39AA7-2353-4B38-954E-1DE6B14D7442}.Release|iPhoneSimulator.Build.0 = Release|iPhoneSimulator
		{8CA39AA7-2353-4B38-954E-1DE6B14D7442}.Release|x64.ActiveCfg = Release|iPhone
		{8CA39AA7-2353-4B38-954E-1DE6B14D7442}.Release|x86.ActiveCfg = Release|iPhone
		{8B74A8D5-DD17-4AAE-A02E-FF5DD361721B}.Ad-Hoc|Any CPU.ActiveCfg = Release|x86
		{8B74A8D5-DD17-4AAE-A02E-FF5DD361721B}.Ad-Hoc|Any CPU.Build.0 = Release|x86
		{8B74A8D5-DD17-4AAE-A02E-FF5DD361721B}.Ad-Hoc|Any CPU.Deploy.0 = Release|x86
		{8B74A8D5-DD17-4AAE-A02E-FF5DD361721B}.Ad-Hoc|ARM.ActiveCfg = Release|ARM
		{8B74A8D5-DD17-4AAE-A02E-FF5DD361721B}.Ad-Hoc|ARM.Build.0 = Release|ARM
		{8B74A8D5-DD17-4AAE-A02E-FF5DD361721B}.Ad-Hoc|ARM.Deploy.0 = Release|ARM
		{8B74A8D5-DD17-4AAE-A02E-FF5DD361721B}.Ad-Hoc|iPhone.ActiveCfg = Release|x86
		{8B74A8D5-DD17-4AAE-A02E-FF5DD361721B}.Ad-Hoc|iPhone.Build.0 = Release|x86
		{8B74A8D5-DD17-4AAE-A02E-FF5DD361721B}.Ad-Hoc|iPhone.Deploy.0 = Release|x86
		{8B74A8D5-DD17-4AAE-A02E-FF5DD361721B}.Ad-Hoc|iPhoneSimulator.ActiveCfg = Release|x86
		{8B74A8D5-DD17-4AAE-A02E-FF5DD361721B}.Ad-Hoc|iPhoneSimulator.Build.0 = Release|x86
		{8B74A8D5-DD17-4AAE-A02E-FF5DD361721B}.Ad-Hoc|iPhoneSimulator.Deploy.0 = Release|x86
		{8B74A8D5-DD17-4AAE-A02E-FF5DD361721B}.Ad-Hoc|x64.ActiveCfg = Release|x64
		{8B74A8D5-DD17-4AAE-A02E-FF5DD361721B}.Ad-Hoc|x64.Build.0 = Release|x64
		{8B74A8D5-DD17-4AAE-A02E-FF5DD361721B}.Ad-Hoc|x64.Deploy.0 = Release|x64
		{8B74A8D5-DD17-4AAE-A02E-FF5DD361721B}.Ad-Hoc|x86.ActiveCfg = Release|x86
		{8B74A8D5-DD17-4AAE-A02E-FF5DD361721B}.Ad-Hoc|x86.Build.0 = Release|x86
		{8B74A8D5-DD17-4AAE-A02E-FF5DD361721B}.Ad-Hoc|x86.Deploy.0 = Release|x86
		{8B74A8D5-DD17-4AAE-A02E-FF5DD361721B}.AppStore|Any CPU.ActiveCfg = Release|x86
		{8B74A8D5-DD17-4AAE-A02E-FF5DD361721B}.AppStore|Any CPU.Build.0 = Release|x86
		{8B74A8D5-DD17-4AAE-A02E-FF5DD361721B}.AppStore|Any CPU.Deploy.0 = Release|x86
		{8B74A8D5-DD17-4AAE-A02E-FF5DD361721B}.AppStore|ARM.ActiveCfg = Release|ARM
		{8B74A8D5-DD17-4AAE-A02E-FF5DD361721B}.AppStore|ARM.Build.0 = Release|ARM
		{8B74A8D5-DD17-4AAE-A02E-FF5DD361721B}.AppStore|ARM.Deploy.0 = Release|ARM
		{8B74A8D5-DD17-4AAE-A02E-FF5DD361721B}.AppStore|iPhone.ActiveCfg = Release|x86
		{8B74A8D5-DD17-4AAE-A02E-FF5DD361721B}.AppStore|iPhone.Build.0 = Release|x86
		{8B74A8D5-DD17-4AAE-A02E-FF5DD361721B}.AppStore|iPhone.Deploy.0 = Release|x86
		{8B74A8D5-DD17-4AAE-A02E-FF5DD361721B}.AppStore|iPhoneSimulator.ActiveCfg = Release|x86
		{8B74A8D5-DD17-4AAE-A02E-FF5DD361721B}.AppStore|iPhoneSimulator.Build.0 = Release|x86
		{8B74A8D5-DD17-4AAE-A02E-FF5DD361721B}.AppStore|iPhoneSimulator.Deploy.0 = Release|x86
		{8B74A8D5-DD17-4AAE-A02E-FF5DD361721B}.AppStore|x64.ActiveCfg = Release|x64
		{8B74A8D5-DD17-4AAE-A02E-FF5DD361721B}.AppStore|x64.Build.0 = Release|x64
		{8B74A8D5-DD17-4AAE-A02E-FF5DD361721B}.AppStore|x64.Deploy.0 = Release|x64
		{8B74A8D5-DD17-4AAE-A02E-FF5DD361721B}.AppStore|x86.ActiveCfg = Release|x86
		{8B74A8D5-DD17-4AAE-A02E-FF5DD361721B}.AppStore|x86.Build.0 = Release|x86
		{8B74A8D5-DD17-4AAE-A02E-FF5DD361721B}.AppStore|x86.Deploy.0 = Release|x86
		{8B74A8D5-DD17-4AAE-A02E-FF5DD361721B}.Debug|Any CPU.ActiveCfg = Debug|x86
		{8B74A8D5-DD17-4AAE-A02E-FF5DD361721B}.Debug|ARM.ActiveCfg = Debug|ARM
		{8B74A8D5-DD17-4AAE-A02E-FF5DD361721B}.Debug|ARM.Build.0 = Debug|ARM
		{8B74A8D5-DD17-4AAE-A02E-FF5DD361721B}.Debug|ARM.Deploy.0 = Debug|ARM
		{8B74A8D5-DD17-4AAE-A02E-FF5DD361721B}.Debug|iPhone.ActiveCfg = Debug|x86
		{8B74A8D5-DD17-4AAE-A02E-FF5DD361721B}.Debug|iPhoneSimulator.ActiveCfg = Debug|x86
		{8B74A8D5-DD17-4AAE-A02E-FF5DD361721B}.Debug|x64.ActiveCfg = Debug|x64
		{8B74A8D5-DD17-4AAE-A02E-FF5DD361721B}.Debug|x64.Build.0 = Debug|x64
		{8B74A8D5-DD17-4AAE-A02E-FF5DD361721B}.Debug|x64.Deploy.0 = Debug|x64
		{8B74A8D5-DD17-4AAE-A02E-FF5DD361721B}.Debug|x86.ActiveCfg = Debug|x86
		{8B74A8D5-DD17-4AAE-A02E-FF5DD361721B}.Debug|x86.Build.0 = Debug|x86
		{8B74A8D5-DD17-4AAE-A02E-FF5DD361721B}.Debug|x86.Deploy.0 = Debug|x86
		{8B74A8D5-DD17-4AAE-A02E-FF5DD361721B}.Release|Any CPU.ActiveCfg = Release|x86
		{8B74A8D5-DD17-4AAE-A02E-FF5DD361721B}.Release|ARM.ActiveCfg = Release|ARM
		{8B74A8D5-DD17-4AAE-A02E-FF5DD361721B}.Release|ARM.Build.0 = Release|ARM
		{8B74A8D5-DD17-4AAE-A02E-FF5DD361721B}.Release|ARM.Deploy.0 = Release|ARM
		{8B74A8D5-DD17-4AAE-A02E-FF5DD361721B}.Release|iPhone.ActiveCfg = Release|x86
		{8B74A8D5-DD17-4AAE-A02E-FF5DD361721B}.Release|iPhoneSimulator.ActiveCfg = Release|x86
		{8B74A8D5-DD17-4AAE-A02E-FF5DD361721B}.Release|x64.ActiveCfg = Release|x64
		{8B74A8D5-DD17-4AAE-A02E-FF5DD361721B}.Release|x64.Build.0 = Release|x64
		{8B74A8D5-DD17-4AAE-A02E-FF5DD361721B}.Release|x64.Deploy.0 = Release|x64
		{8B74A8D5-DD17-4AAE-A02E-FF5DD361721B}.Release|x86.ActiveCfg = Release|x86
		{8B74A8D5-DD17-4AAE-A02E-FF5DD361721B}.Release|x86.Build.0 = Release|x86
		{8B74A8D5-DD17-4AAE-A02E-FF5DD361721B}.Release|x86.Deploy.0 = Release|x86
		{C0E444BE-E04A-4A8E-AB73-EA940ED6E7CE}.Ad-Hoc|Any CPU.ActiveCfg = Debug|Any CPU
		{C0E444BE-E04A-4A8E-AB73-EA940ED6E7CE}.Ad-Hoc|Any CPU.Build.0 = Debug|Any CPU
		{C0E444BE-E04A-4A8E-AB73-EA940ED6E7CE}.Ad-Hoc|ARM.ActiveCfg = Debug|Any CPU
		{C0E444BE-E04A-4A8E-AB73-EA940ED6E7CE}.Ad-Hoc|ARM.Build.0 = Debug|Any CPU
		{C0E444BE-E04A-4A8E-AB73-EA940ED6E7CE}.Ad-Hoc|iPhone.ActiveCfg = Debug|Any CPU
		{C0E444BE-E04A-4A8E-AB73-EA940ED6E7CE}.Ad-Hoc|iPhone.Build.0 = Debug|Any CPU
		{C0E444BE-E04A-4A8E-AB73-EA940ED6E7CE}.Ad-Hoc|iPhoneSimulator.ActiveCfg = Debug|Any CPU
		{C0E444BE-E04A-4A8E-AB73-EA940ED6E7CE}.Ad-Hoc|iPhoneSimulator.Build.0 = Debug|Any CPU
		{C0E444BE-E04A-4A8E-AB73-EA940ED6E7CE}.Ad-Hoc|x64.ActiveCfg = Debug|Any CPU
		{C0E444BE-E04A-4A8E-AB73-EA940ED6E7CE}.Ad-Hoc|x64.Build.0 = Debug|Any CPU
		{C0E444BE-E04A-4A8E-AB73-EA940ED6E7CE}.Ad-Hoc|x86.ActiveCfg = Debug|Any CPU
		{C0E444BE-E04A-4A8E-AB73-EA940ED6E7CE}.Ad-Hoc|x86.Build.0 = Debug|Any CPU
		{C0E444BE-E04A-4A8E-AB73-EA940ED6E7CE}.AppStore|Any CPU.ActiveCfg = Debug|Any CPU
		{C0E444BE-E04A-4A8E-AB73-EA940ED6E7CE}.AppStore|Any CPU.Build.0 = Debug|Any CPU
		{C0E444BE-E04A-4A8E-AB73-EA940ED6E7CE}.AppStore|ARM.ActiveCfg = Debug|Any CPU
		{C0E444BE-E04A-4A8E-AB73-EA940ED6E7CE}.AppStore|ARM.Build.0 = Debug|Any CPU
		{C0E444BE-E04A-4A8E-AB73-EA940ED6E7CE}.AppStore|iPhone.ActiveCfg = Debug|Any CPU
		{C0E444BE-E04A-4A8E-AB73-EA940ED6E7CE}.AppStore|iPhone.Build.0 = Debug|Any CPU
		{C0E444BE-E04A-4A8E-AB73-EA940ED6E7CE}.AppStore|iPhoneSimulator.ActiveCfg = Debug|Any CPU
		{C0E444BE-E04A-4A8E-AB73-EA940ED6E7CE}.AppStore|iPhoneSimulator.Build.0 = Debug|Any CPU
		{C0E444BE-E04A-4A8E-AB73-EA940ED6E7CE}.AppStore|x64.ActiveCfg = Debug|Any CPU
		{C0E444BE-E04A-4A8E-AB73-EA940ED6E7CE}.AppStore|x64.Build.0 = Debug|Any CPU
		{C0E444BE-E04A-4A8E-AB73-EA940ED6E7CE}.AppStore|x86.ActiveCfg = Debug|Any CPU
		{C0E444BE-E04A-4A8E-AB73-EA940ED6E7CE}.AppStore|x86.Build.0 = Debug|Any CPU
		{C0E444BE-E04A-4A8E-AB73-EA940ED6E7CE}.Debug|Any CPU.ActiveCfg = Debug|Any CPU
		{C0E444BE-E04A-4A8E-AB73-EA940ED6E7CE}.Debug|Any CPU.Build.0 = Debug|Any CPU
		{C0E444BE-E04A-4A8E-AB73-EA940ED6E7CE}.Debug|ARM.ActiveCfg = Debug|Any CPU
		{C0E444BE-E04A-4A8E-AB73-EA940ED6E7CE}.Debug|ARM.Build.0 = Debug|Any CPU
		{C0E444BE-E04A-4A8E-AB73-EA940ED6E7CE}.Debug|iPhone.ActiveCfg = Debug|Any CPU
		{C0E444BE-E04A-4A8E-AB73-EA940ED6E7CE}.Debug|iPhone.Build.0 = Debug|Any CPU
		{C0E444BE-E04A-4A8E-AB73-EA940ED6E7CE}.Debug|iPhoneSimulator.ActiveCfg = Debug|Any CPU
		{C0E444BE-E04A-4A8E-AB73-EA940ED6E7CE}.Debug|iPhoneSimulator.Build.0 = Debug|Any CPU
		{C0E444BE-E04A-4A8E-AB73-EA940ED6E7CE}.Debug|x64.ActiveCfg = Debug|Any CPU
		{C0E444BE-E04A-4A8E-AB73-EA940ED6E7CE}.Debug|x64.Build.0 = Debug|Any CPU
		{C0E444BE-E04A-4A8E-AB73-EA940ED6E7CE}.Debug|x86.ActiveCfg = Debug|Any CPU
		{C0E444BE-E04A-4A8E-AB73-EA940ED6E7CE}.Debug|x86.Build.0 = Debug|Any CPU
		{C0E444BE-E04A-4A8E-AB73-EA940ED6E7CE}.Release|Any CPU.ActiveCfg = Release|Any CPU
		{C0E444BE-E04A-4A8E-AB73-EA940ED6E7CE}.Release|Any CPU.Build.0 = Release|Any CPU
		{C0E444BE-E04A-4A8E-AB73-EA940ED6E7CE}.Release|ARM.ActiveCfg = Release|Any CPU
		{C0E444BE-E04A-4A8E-AB73-EA940ED6E7CE}.Release|ARM.Build.0 = Release|Any CPU
		{C0E444BE-E04A-4A8E-AB73-EA940ED6E7CE}.Release|iPhone.ActiveCfg = Release|Any CPU
		{C0E444BE-E04A-4A8E-AB73-EA940ED6E7CE}.Release|iPhone.Build.0 = Release|Any CPU
		{C0E444BE-E04A-4A8E-AB73-EA940ED6E7CE}.Release|iPhoneSimulator.ActiveCfg = Release|Any CPU
		{C0E444BE-E04A-4A8E-AB73-EA940ED6E7CE}.Release|iPhoneSimulator.Build.0 = Release|Any CPU
		{C0E444BE-E04A-4A8E-AB73-EA940ED6E7CE}.Release|x64.ActiveCfg = Release|Any CPU
		{C0E444BE-E04A-4A8E-AB73-EA940ED6E7CE}.Release|x64.Build.0 = Release|Any CPU
		{C0E444BE-E04A-4A8E-AB73-EA940ED6E7CE}.Release|x86.ActiveCfg = Release|Any CPU
		{C0E444BE-E04A-4A8E-AB73-EA940ED6E7CE}.Release|x86.Build.0 = Release|Any CPU
		{AD723F17-73CB-4D5F-9BDD-56C54277F631}.Ad-Hoc|Any CPU.ActiveCfg = Debug|Any CPU
		{AD723F17-73CB-4D5F-9BDD-56C54277F631}.Ad-Hoc|Any CPU.Build.0 = Debug|Any CPU
		{AD723F17-73CB-4D5F-9BDD-56C54277F631}.Ad-Hoc|ARM.ActiveCfg = Debug|Any CPU
		{AD723F17-73CB-4D5F-9BDD-56C54277F631}.Ad-Hoc|ARM.Build.0 = Debug|Any CPU
		{AD723F17-73CB-4D5F-9BDD-56C54277F631}.Ad-Hoc|iPhone.ActiveCfg = Debug|Any CPU
		{AD723F17-73CB-4D5F-9BDD-56C54277F631}.Ad-Hoc|iPhone.Build.0 = Debug|Any CPU
		{AD723F17-73CB-4D5F-9BDD-56C54277F631}.Ad-Hoc|iPhoneSimulator.ActiveCfg = Debug|Any CPU
		{AD723F17-73CB-4D5F-9BDD-56C54277F631}.Ad-Hoc|iPhoneSimulator.Build.0 = Debug|Any CPU
		{AD723F17-73CB-4D5F-9BDD-56C54277F631}.Ad-Hoc|x64.ActiveCfg = Debug|Any CPU
		{AD723F17-73CB-4D5F-9BDD-56C54277F631}.Ad-Hoc|x64.Build.0 = Debug|Any CPU
		{AD723F17-73CB-4D5F-9BDD-56C54277F631}.Ad-Hoc|x86.ActiveCfg = Debug|Any CPU
		{AD723F17-73CB-4D5F-9BDD-56C54277F631}.Ad-Hoc|x86.Build.0 = Debug|Any CPU
		{AD723F17-73CB-4D5F-9BDD-56C54277F631}.AppStore|Any CPU.ActiveCfg = Debug|Any CPU
		{AD723F17-73CB-4D5F-9BDD-56C54277F631}.AppStore|Any CPU.Build.0 = Debug|Any CPU
		{AD723F17-73CB-4D5F-9BDD-56C54277F631}.AppStore|ARM.ActiveCfg = Debug|Any CPU
		{AD723F17-73CB-4D5F-9BDD-56C54277F631}.AppStore|ARM.Build.0 = Debug|Any CPU
		{AD723F17-73CB-4D5F-9BDD-56C54277F631}.AppStore|iPhone.ActiveCfg = Debug|Any CPU
		{AD723F17-73CB-4D5F-9BDD-56C54277F631}.AppStore|iPhone.Build.0 = Debug|Any CPU
		{AD723F17-73CB-4D5F-9BDD-56C54277F631}.AppStore|iPhoneSimulator.ActiveCfg = Debug|Any CPU
		{AD723F17-73CB-4D5F-9BDD-56C54277F631}.AppStore|iPhoneSimulator.Build.0 = Debug|Any CPU
		{AD723F17-73CB-4D5F-9BDD-56C54277F631}.AppStore|x64.ActiveCfg = Debug|Any CPU
		{AD723F17-73CB-4D5F-9BDD-56C54277F631}.AppStore|x64.Build.0 = Debug|Any CPU
		{AD723F17-73CB-4D5F-9BDD-56C54277F631}.AppStore|x86.ActiveCfg = Debug|Any CPU
		{AD723F17-73CB-4D5F-9BDD-56C54277F631}.AppStore|x86.Build.0 = Debug|Any CPU
		{AD723F17-73CB-4D5F-9BDD-56C54277F631}.Debug|Any CPU.ActiveCfg = Debug|Any CPU
		{AD723F17-73CB-4D5F-9BDD-56C54277F631}.Debug|Any CPU.Build.0 = Debug|Any CPU
		{AD723F17-73CB-4D5F-9BDD-56C54277F631}.Debug|ARM.ActiveCfg = Debug|Any CPU
		{AD723F17-73CB-4D5F-9BDD-56C54277F631}.Debug|ARM.Build.0 = Debug|Any CPU
		{AD723F17-73CB-4D5F-9BDD-56C54277F631}.Debug|iPhone.ActiveCfg = Debug|Any CPU
		{AD723F17-73CB-4D5F-9BDD-56C54277F631}.Debug|iPhone.Build.0 = Debug|Any CPU
		{AD723F17-73CB-4D5F-9BDD-56C54277F631}.Debug|iPhoneSimulator.ActiveCfg = Debug|Any CPU
		{AD723F17-73CB-4D5F-9BDD-56C54277F631}.Debug|iPhoneSimulator.Build.0 = Debug|Any CPU
		{AD723F17-73CB-4D5F-9BDD-56C54277F631}.Debug|x64.ActiveCfg = Debug|Any CPU
		{AD723F17-73CB-4D5F-9BDD-56C54277F631}.Debug|x64.Build.0 = Debug|Any CPU
		{AD723F17-73CB-4D5F-9BDD-56C54277F631}.Debug|x86.ActiveCfg = Debug|Any CPU
		{AD723F17-73CB-4D5F-9BDD-56C54277F631}.Debug|x86.Build.0 = Debug|Any CPU
		{AD723F17-73CB-4D5F-9BDD-56C54277F631}.Release|Any CPU.ActiveCfg = Release|Any CPU
		{AD723F17-73CB-4D5F-9BDD-56C54277F631}.Release|Any CPU.Build.0 = Release|Any CPU
		{AD723F17-73CB-4D5F-9BDD-56C54277F631}.Release|ARM.ActiveCfg = Release|Any CPU
		{AD723F17-73CB-4D5F-9BDD-56C54277F631}.Release|ARM.Build.0 = Release|Any CPU
		{AD723F17-73CB-4D5F-9BDD-56C54277F631}.Release|iPhone.ActiveCfg = Release|Any CPU
		{AD723F17-73CB-4D5F-9BDD-56C54277F631}.Release|iPhone.Build.0 = Release|Any CPU
		{AD723F17-73CB-4D5F-9BDD-56C54277F631}.Release|iPhoneSimulator.ActiveCfg = Release|Any CPU
		{AD723F17-73CB-4D5F-9BDD-56C54277F631}.Release|iPhoneSimulator.Build.0 = Release|Any CPU
		{AD723F17-73CB-4D5F-9BDD-56C54277F631}.Release|x64.ActiveCfg = Release|Any CPU
		{AD723F17-73CB-4D5F-9BDD-56C54277F631}.Release|x64.Build.0 = Release|Any CPU
		{AD723F17-73CB-4D5F-9BDD-56C54277F631}.Release|x86.ActiveCfg = Release|Any CPU
		{AD723F17-73CB-4D5F-9BDD-56C54277F631}.Release|x86.Build.0 = Release|Any CPU
	EndGlobalSection
	GlobalSection(SolutionProperties) = preSolution
		HideSolutionNode = FALSE
	EndGlobalSection
	GlobalSection(NestedProjects) = preSolution
		{054F805B-F904-4C54-A4B4-CFFC1982BB47} = {9F0926CC-C571-48FA-AE5A-D679327B5AC1}
		{8CA39AA7-2353-4B38-954E-1DE6B14D7442} = {9F0926CC-C571-48FA-AE5A-D679327B5AC1}
		{8B74A8D5-DD17-4AAE-A02E-FF5DD361721B} = {9F0926CC-C571-48FA-AE5A-D679327B5AC1}
		{C0E444BE-E04A-4A8E-AB73-EA940ED6E7CE} = {9F0926CC-C571-48FA-AE5A-D679327B5AC1}
		{AD723F17-73CB-4D5F-9BDD-56C54277F631} = {9F0926CC-C571-48FA-AE5A-D679327B5AC1}
	EndGlobalSection
	GlobalSection(ExtensibilityGlobals) = postSolution
		SolutionGuid = {9E0C7D6F-3E80-49BD-A4A4-24941A029F98}
	EndGlobalSection
EndGlobal
